
Microsoft Visual Studio Solution File, Format Version 12.00
# Visual Studio 15
VisualStudioVersion = 15.0.27004.2005
MinimumVisualStudioVersion = 10.0.40219.1
Project("{FAE04EC0-301F-11D3-BF4B-00C04F79EFBC}") = "MvxForms.Starter.App.Android", "MvxForms.Starter.App\MvxForms.Starter.App.Android\MvxForms.Starter.App.Android.csproj", "{5BF047D9-51A0-495F-AFA4-CCF9BE51EA90}"
EndProject
Project("{FAE04EC0-301F-11D3-BF4B-00C04F79EFBC}") = "MvxForms.Starter.App", "MvxForms.Starter.App\MvxForms.Starter.App\MvxForms.Starter.App.csproj", "{1A1B1F67-CCA5-40DA-9F2F-60CE49D39BA1}"
EndProject
Project("{FAE04EC0-301F-11D3-BF4B-00C04F79EFBC}") = "MvxForms.Starter.App.UWP", "MvxForms.Starter.App\MvxForms.Starter.App.UWP\MvxForms.Starter.App.UWP.csproj", "{46BE03C7-9C18-43CC-A797-1089D2CB0081}"
EndProject
Project("{FAE04EC0-301F-11D3-BF4B-00C04F79EFBC}") = "MvxForms.Starter.App.iOS", "MvxForms.Starter.App\MvxForms.Starter.App.iOS\MvxForms.Starter.App.iOS.csproj", "{4FCFCDF4-F401-42D6-A4F3-E2A76CFA4C09}"
EndProject
Project("{2150E333-8FDC-42A3-9474-1A3956D46DE8}") = "Apps", "Apps", "{EFBEF8DF-C886-44F9-A3EE-766865492D5D}"
EndProject
Project("{2150E333-8FDC-42A3-9474-1A3956D46DE8}") = "Libraries", "Libraries", "{D51FB717-056F-4AEA-ACCB-8AC005C00AAF}"
EndProject
Project("{FAE04EC0-301F-11D3-BF4B-00C04F79EFBC}") = "MvxForms.Starter.ViewModels", "MvxForms.Starter.ViewModels\MvxForms.Starter.ViewModels.csproj", "{DF04F9C0-89F1-4867-A9A3-C02BD3222C9C}"
EndProject
Project("{FAE04EC0-301F-11D3-BF4B-00C04F79EFBC}") = "MvxForms.Starter.Services", "MvxForms.Starter.Services\MvxForms.Starter.Services.csproj", "{1A21C143-16D8-49A1-8AA8-0ECC4819EF58}"
EndProject
Project("{2150E333-8FDC-42A3-9474-1A3956D46DE8}") = "RenameSolution", "RenameSolution", "{B5F8742B-105A-465C-A4B6-A03DB861F140}"
	ProjectSection(SolutionItems) = preProject
		Rename\README.md = Rename\README.md
		Rename\SetProjectName.exe = Rename\SetProjectName.exe
	EndProjectSection
EndProject
Project("{2150E333-8FDC-42A3-9474-1A3956D46DE8}") = "Tests", "Tests", "{DC73E8C0-A7FC-47C4-9759-C299137C38BF}"
EndProject
Project("{FAE04EC0-301F-11D3-BF4B-00C04F79EFBC}") = "MvxForms.Starter.UITests.Android", "MvxForms.Starter.UITests.Android\MvxForms.Starter.UITests.Android.csproj", "{D5318FFF-5BB1-4598-ABBC-096F3F7C228C}"
EndProject
Project("{FAE04EC0-301F-11D3-BF4B-00C04F79EFBC}") = "MvxForms.Starter.UnitTests.Services", "MvxForms.Starter.UnitTests.Services\MvxForms.Starter.UnitTests.Services.csproj", "{50EC4A88-C2DE-4757-9DBB-F2FF9DD0CF8E}"
EndProject
Project("{FAE04EC0-301F-11D3-BF4B-00C04F79EFBC}") = "MvxForms.Starter.UnitTests.ViewModels", "MvxForms.Starter.UnitTests.ViewModels\MvxForms.Starter.UnitTests.ViewModels.csproj", "{38A80ADE-EDD4-4870-BB08-5B526AD7AFCC}"
EndProject
Project("{FAE04EC0-301F-11D3-BF4B-00C04F79EFBC}") = "MvxForms.Starter.UITests.iOS", "MvxForms.Starter.UITests.iOS\MvxForms.Starter.UITests.iOS.csproj", "{CA6BAF04-A0DE-48C3-AD20-CFE7B26725CE}"
EndProject
Global
	GlobalSection(SolutionConfigurationPlatforms) = preSolution
		Ad-Hoc|Any CPU = Ad-Hoc|Any CPU
		Ad-Hoc|ARM = Ad-Hoc|ARM
		Ad-Hoc|iPhone = Ad-Hoc|iPhone
		Ad-Hoc|iPhoneSimulator = Ad-Hoc|iPhoneSimulator
		Ad-Hoc|x64 = Ad-Hoc|x64
		Ad-Hoc|x86 = Ad-Hoc|x86
		AppStore|Any CPU = AppStore|Any CPU
		AppStore|ARM = AppStore|ARM
		AppStore|iPhone = AppStore|iPhone
		AppStore|iPhoneSimulator = AppStore|iPhoneSimulator
		AppStore|x64 = AppStore|x64
		AppStore|x86 = AppStore|x86
		Debug|Any CPU = Debug|Any CPU
		Debug|ARM = Debug|ARM
		Debug|iPhone = Debug|iPhone
		Debug|iPhoneSimulator = Debug|iPhoneSimulator
		Debug|x64 = Debug|x64
		Debug|x86 = Debug|x86
		Release|Any CPU = Release|Any CPU
		Release|ARM = Release|ARM
		Release|iPhone = Release|iPhone
		Release|iPhoneSimulator = Release|iPhoneSimulator
		Release|x64 = Release|x64
		Release|x86 = Release|x86
	EndGlobalSection
	GlobalSection(ProjectConfigurationPlatforms) = postSolution
		{5BF047D9-51A0-495F-AFA4-CCF9BE51EA90}.Ad-Hoc|Any CPU.ActiveCfg = Release|Any CPU
		{5BF047D9-51A0-495F-AFA4-CCF9BE51EA90}.Ad-Hoc|Any CPU.Build.0 = Release|Any CPU
		{5BF047D9-51A0-495F-AFA4-CCF9BE51EA90}.Ad-Hoc|Any CPU.Deploy.0 = Release|Any CPU
		{5BF047D9-51A0-495F-AFA4-CCF9BE51EA90}.Ad-Hoc|ARM.ActiveCfg = Release|Any CPU
		{5BF047D9-51A0-495F-AFA4-CCF9BE51EA90}.Ad-Hoc|ARM.Build.0 = Release|Any CPU
		{5BF047D9-51A0-495F-AFA4-CCF9BE51EA90}.Ad-Hoc|ARM.Deploy.0 = Release|Any CPU
		{5BF047D9-51A0-495F-AFA4-CCF9BE51EA90}.Ad-Hoc|iPhone.ActiveCfg = Release|Any CPU
		{5BF047D9-51A0-495F-AFA4-CCF9BE51EA90}.Ad-Hoc|iPhone.Build.0 = Release|Any CPU
		{5BF047D9-51A0-495F-AFA4-CCF9BE51EA90}.Ad-Hoc|iPhone.Deploy.0 = Release|Any CPU
		{5BF047D9-51A0-495F-AFA4-CCF9BE51EA90}.Ad-Hoc|iPhoneSimulator.ActiveCfg = Release|Any CPU
		{5BF047D9-51A0-495F-AFA4-CCF9BE51EA90}.Ad-Hoc|iPhoneSimulator.Build.0 = Release|Any CPU
		{5BF047D9-51A0-495F-AFA4-CCF9BE51EA90}.Ad-Hoc|iPhoneSimulator.Deploy.0 = Release|Any CPU
		{5BF047D9-51A0-495F-AFA4-CCF9BE51EA90}.Ad-Hoc|x64.ActiveCfg = Release|Any CPU
		{5BF047D9-51A0-495F-AFA4-CCF9BE51EA90}.Ad-Hoc|x64.Build.0 = Release|Any CPU
		{5BF047D9-51A0-495F-AFA4-CCF9BE51EA90}.Ad-Hoc|x64.Deploy.0 = Release|Any CPU
		{5BF047D9-51A0-495F-AFA4-CCF9BE51EA90}.Ad-Hoc|x86.ActiveCfg = Release|Any CPU
		{5BF047D9-51A0-495F-AFA4-CCF9BE51EA90}.Ad-Hoc|x86.Build.0 = Release|Any CPU
		{5BF047D9-51A0-495F-AFA4-CCF9BE51EA90}.Ad-Hoc|x86.Deploy.0 = Release|Any CPU
		{5BF047D9-51A0-495F-AFA4-CCF9BE51EA90}.AppStore|Any CPU.ActiveCfg = Release|Any CPU
		{5BF047D9-51A0-495F-AFA4-CCF9BE51EA90}.AppStore|Any CPU.Build.0 = Release|Any CPU
		{5BF047D9-51A0-495F-AFA4-CCF9BE51EA90}.AppStore|Any CPU.Deploy.0 = Release|Any CPU
		{5BF047D9-51A0-495F-AFA4-CCF9BE51EA90}.AppStore|ARM.ActiveCfg = Release|Any CPU
		{5BF047D9-51A0-495F-AFA4-CCF9BE51EA90}.AppStore|ARM.Build.0 = Release|Any CPU
		{5BF047D9-51A0-495F-AFA4-CCF9BE51EA90}.AppStore|ARM.Deploy.0 = Release|Any CPU
		{5BF047D9-51A0-495F-AFA4-CCF9BE51EA90}.AppStore|iPhone.ActiveCfg = Release|Any CPU
		{5BF047D9-51A0-495F-AFA4-CCF9BE51EA90}.AppStore|iPhone.Build.0 = Release|Any CPU
		{5BF047D9-51A0-495F-AFA4-CCF9BE51EA90}.AppStore|iPhone.Deploy.0 = Release|Any CPU
		{5BF047D9-51A0-495F-AFA4-CCF9BE51EA90}.AppStore|iPhoneSimulator.ActiveCfg = Release|Any CPU
		{5BF047D9-51A0-495F-AFA4-CCF9BE51EA90}.AppStore|iPhoneSimulator.Build.0 = Release|Any CPU
		{5BF047D9-51A0-495F-AFA4-CCF9BE51EA90}.AppStore|iPhoneSimulator.Deploy.0 = Release|Any CPU
		{5BF047D9-51A0-495F-AFA4-CCF9BE51EA90}.AppStore|x64.ActiveCfg = Release|Any CPU
		{5BF047D9-51A0-495F-AFA4-CCF9BE51EA90}.AppStore|x64.Build.0 = Release|Any CPU
		{5BF047D9-51A0-495F-AFA4-CCF9BE51EA90}.AppStore|x64.Deploy.0 = Release|Any CPU
		{5BF047D9-51A0-495F-AFA4-CCF9BE51EA90}.AppStore|x86.ActiveCfg = Release|Any CPU
		{5BF047D9-51A0-495F-AFA4-CCF9BE51EA90}.AppStore|x86.Build.0 = Release|Any CPU
		{5BF047D9-51A0-495F-AFA4-CCF9BE51EA90}.AppStore|x86.Deploy.0 = Release|Any CPU
		{5BF047D9-51A0-495F-AFA4-CCF9BE51EA90}.Debug|Any CPU.ActiveCfg = Debug|Any CPU
		{5BF047D9-51A0-495F-AFA4-CCF9BE51EA90}.Debug|Any CPU.Build.0 = Debug|Any CPU
		{5BF047D9-51A0-495F-AFA4-CCF9BE51EA90}.Debug|Any CPU.Deploy.0 = Debug|Any CPU
		{5BF047D9-51A0-495F-AFA4-CCF9BE51EA90}.Debug|ARM.ActiveCfg = Debug|Any CPU
		{5BF047D9-51A0-495F-AFA4-CCF9BE51EA90}.Debug|ARM.Build.0 = Debug|Any CPU
		{5BF047D9-51A0-495F-AFA4-CCF9BE51EA90}.Debug|ARM.Deploy.0 = Debug|Any CPU
		{5BF047D9-51A0-495F-AFA4-CCF9BE51EA90}.Debug|iPhone.ActiveCfg = Debug|Any CPU
		{5BF047D9-51A0-495F-AFA4-CCF9BE51EA90}.Debug|iPhoneSimulator.ActiveCfg = Debug|Any CPU
		{5BF047D9-51A0-495F-AFA4-CCF9BE51EA90}.Debug|iPhoneSimulator.Build.0 = Debug|Any CPU
		{5BF047D9-51A0-495F-AFA4-CCF9BE51EA90}.Debug|iPhoneSimulator.Deploy.0 = Debug|Any CPU
		{5BF047D9-51A0-495F-AFA4-CCF9BE51EA90}.Debug|x64.ActiveCfg = Debug|Any CPU
		{5BF047D9-51A0-495F-AFA4-CCF9BE51EA90}.Debug|x64.Build.0 = Debug|Any CPU
		{5BF047D9-51A0-495F-AFA4-CCF9BE51EA90}.Debug|x64.Deploy.0 = Debug|Any CPU
		{5BF047D9-51A0-495F-AFA4-CCF9BE51EA90}.Debug|x86.ActiveCfg = Debug|Any CPU
		{5BF047D9-51A0-495F-AFA4-CCF9BE51EA90}.Release|Any CPU.ActiveCfg = Release|Any CPU
		{5BF047D9-51A0-495F-AFA4-CCF9BE51EA90}.Release|Any CPU.Build.0 = Release|Any CPU
		{5BF047D9-51A0-495F-AFA4-CCF9BE51EA90}.Release|Any CPU.Deploy.0 = Release|Any CPU
		{5BF047D9-51A0-495F-AFA4-CCF9BE51EA90}.Release|ARM.ActiveCfg = Release|Any CPU
		{5BF047D9-51A0-495F-AFA4-CCF9BE51EA90}.Release|ARM.Build.0 = Release|Any CPU
		{5BF047D9-51A0-495F-AFA4-CCF9BE51EA90}.Release|ARM.Deploy.0 = Release|Any CPU
		{5BF047D9-51A0-495F-AFA4-CCF9BE51EA90}.Release|iPhone.ActiveCfg = Release|Any CPU
		{5BF047D9-51A0-495F-AFA4-CCF9BE51EA90}.Release|iPhone.Build.0 = Release|Any CPU
		{5BF047D9-51A0-495F-AFA4-CCF9BE51EA90}.Release|iPhone.Deploy.0 = Release|Any CPU
		{5BF047D9-51A0-495F-AFA4-CCF9BE51EA90}.Release|iPhoneSimulator.ActiveCfg = Release|Any CPU
		{5BF047D9-51A0-495F-AFA4-CCF9BE51EA90}.Release|iPhoneSimulator.Build.0 = Release|Any CPU
		{5BF047D9-51A0-495F-AFA4-CCF9BE51EA90}.Release|iPhoneSimulator.Deploy.0 = Release|Any CPU
		{5BF047D9-51A0-495F-AFA4-CCF9BE51EA90}.Release|x64.ActiveCfg = Release|Any CPU
		{5BF047D9-51A0-495F-AFA4-CCF9BE51EA90}.Release|x64.Build.0 = Release|Any CPU
		{5BF047D9-51A0-495F-AFA4-CCF9BE51EA90}.Release|x64.Deploy.0 = Release|Any CPU
		{5BF047D9-51A0-495F-AFA4-CCF9BE51EA90}.Release|x86.ActiveCfg = Release|Any CPU
		{5BF047D9-51A0-495F-AFA4-CCF9BE51EA90}.Release|x86.Build.0 = Release|Any CPU
		{5BF047D9-51A0-495F-AFA4-CCF9BE51EA90}.Release|x86.Deploy.0 = Release|Any CPU
		{1A1B1F67-CCA5-40DA-9F2F-60CE49D39BA1}.Ad-Hoc|Any CPU.ActiveCfg = Release|Any CPU
		{1A1B1F67-CCA5-40DA-9F2F-60CE49D39BA1}.Ad-Hoc|Any CPU.Build.0 = Release|Any CPU
		{1A1B1F67-CCA5-40DA-9F2F-60CE49D39BA1}.Ad-Hoc|ARM.ActiveCfg = Release|Any CPU
		{1A1B1F67-CCA5-40DA-9F2F-60CE49D39BA1}.Ad-Hoc|ARM.Build.0 = Release|Any CPU
		{1A1B1F67-CCA5-40DA-9F2F-60CE49D39BA1}.Ad-Hoc|iPhone.ActiveCfg = Release|Any CPU
		{1A1B1F67-CCA5-40DA-9F2F-60CE49D39BA1}.Ad-Hoc|iPhone.Build.0 = Release|Any CPU
		{1A1B1F67-CCA5-40DA-9F2F-60CE49D39BA1}.Ad-Hoc|iPhoneSimulator.ActiveCfg = Release|Any CPU
		{1A1B1F67-CCA5-40DA-9F2F-60CE49D39BA1}.Ad-Hoc|iPhoneSimulator.Build.0 = Release|Any CPU
		{1A1B1F67-CCA5-40DA-9F2F-60CE49D39BA1}.Ad-Hoc|x64.ActiveCfg = Release|Any CPU
		{1A1B1F67-CCA5-40DA-9F2F-60CE49D39BA1}.Ad-Hoc|x64.Build.0 = Release|Any CPU
		{1A1B1F67-CCA5-40DA-9F2F-60CE49D39BA1}.Ad-Hoc|x86.ActiveCfg = Release|Any CPU
		{1A1B1F67-CCA5-40DA-9F2F-60CE49D39BA1}.Ad-Hoc|x86.Build.0 = Release|Any CPU
		{1A1B1F67-CCA5-40DA-9F2F-60CE49D39BA1}.AppStore|Any CPU.ActiveCfg = Release|Any CPU
		{1A1B1F67-CCA5-40DA-9F2F-60CE49D39BA1}.AppStore|Any CPU.Build.0 = Release|Any CPU
		{1A1B1F67-CCA5-40DA-9F2F-60CE49D39BA1}.AppStore|ARM.ActiveCfg = Release|Any CPU
		{1A1B1F67-CCA5-40DA-9F2F-60CE49D39BA1}.AppStore|ARM.Build.0 = Release|Any CPU
		{1A1B1F67-CCA5-40DA-9F2F-60CE49D39BA1}.AppStore|iPhone.ActiveCfg = Release|Any CPU
		{1A1B1F67-CCA5-40DA-9F2F-60CE49D39BA1}.AppStore|iPhone.Build.0 = Release|Any CPU
		{1A1B1F67-CCA5-40DA-9F2F-60CE49D39BA1}.AppStore|iPhoneSimulator.ActiveCfg = Release|Any CPU
		{1A1B1F67-CCA5-40DA-9F2F-60CE49D39BA1}.AppStore|iPhoneSimulator.Build.0 = Release|Any CPU
		{1A1B1F67-CCA5-40DA-9F2F-60CE49D39BA1}.AppStore|x64.ActiveCfg = Release|Any CPU
		{1A1B1F67-CCA5-40DA-9F2F-60CE49D39BA1}.AppStore|x64.Build.0 = Release|Any CPU
		{1A1B1F67-CCA5-40DA-9F2F-60CE49D39BA1}.AppStore|x86.ActiveCfg = Release|Any CPU
		{1A1B1F67-CCA5-40DA-9F2F-60CE49D39BA1}.AppStore|x86.Build.0 = Release|Any CPU
		{1A1B1F67-CCA5-40DA-9F2F-60CE49D39BA1}.Debug|Any CPU.ActiveCfg = Debug|Any CPU
		{1A1B1F67-CCA5-40DA-9F2F-60CE49D39BA1}.Debug|Any CPU.Build.0 = Debug|Any CPU
		{1A1B1F67-CCA5-40DA-9F2F-60CE49D39BA1}.Debug|ARM.ActiveCfg = Debug|Any CPU
		{1A1B1F67-CCA5-40DA-9F2F-60CE49D39BA1}.Debug|ARM.Build.0 = Debug|Any CPU
		{1A1B1F67-CCA5-40DA-9F2F-60CE49D39BA1}.Debug|iPhone.ActiveCfg = Debug|Any CPU
		{1A1B1F67-CCA5-40DA-9F2F-60CE49D39BA1}.Debug|iPhone.Build.0 = Debug|Any CPU
		{1A1B1F67-CCA5-40DA-9F2F-60CE49D39BA1}.Debug|iPhoneSimulator.ActiveCfg = Debug|Any CPU
		{1A1B1F67-CCA5-40DA-9F2F-60CE49D39BA1}.Debug|iPhoneSimulator.Build.0 = Debug|Any CPU
		{1A1B1F67-CCA5-40DA-9F2F-60CE49D39BA1}.Debug|x64.ActiveCfg = Debug|Any CPU
		{1A1B1F67-CCA5-40DA-9F2F-60CE49D39BA1}.Debug|x64.Build.0 = Debug|Any CPU
		{1A1B1F67-CCA5-40DA-9F2F-60CE49D39BA1}.Debug|x86.ActiveCfg = Debug|Any CPU
		{1A1B1F67-CCA5-40DA-9F2F-60CE49D39BA1}.Debug|x86.Build.0 = Debug|Any CPU
		{1A1B1F67-CCA5-40DA-9F2F-60CE49D39BA1}.Release|Any CPU.ActiveCfg = Release|Any CPU
		{1A1B1F67-CCA5-40DA-9F2F-60CE49D39BA1}.Release|Any CPU.Build.0 = Release|Any CPU
		{1A1B1F67-CCA5-40DA-9F2F-60CE49D39BA1}.Release|ARM.ActiveCfg = Release|Any CPU
		{1A1B1F67-CCA5-40DA-9F2F-60CE49D39BA1}.Release|ARM.Build.0 = Release|Any CPU
		{1A1B1F67-CCA5-40DA-9F2F-60CE49D39BA1}.Release|iPhone.ActiveCfg = Release|Any CPU
		{1A1B1F67-CCA5-40DA-9F2F-60CE49D39BA1}.Release|iPhone.Build.0 = Release|Any CPU
		{1A1B1F67-CCA5-40DA-9F2F-60CE49D39BA1}.Release|iPhoneSimulator.ActiveCfg = Release|Any CPU
		{1A1B1F67-CCA5-40DA-9F2F-60CE49D39BA1}.Release|iPhoneSimulator.Build.0 = Release|Any CPU
		{1A1B1F67-CCA5-40DA-9F2F-60CE49D39BA1}.Release|x64.ActiveCfg = Release|Any CPU
		{1A1B1F67-CCA5-40DA-9F2F-60CE49D39BA1}.Release|x64.Build.0 = Release|Any CPU
		{1A1B1F67-CCA5-40DA-9F2F-60CE49D39BA1}.Release|x86.ActiveCfg = Release|Any CPU
		{1A1B1F67-CCA5-40DA-9F2F-60CE49D39BA1}.Release|x86.Build.0 = Release|Any CPU
		{46BE03C7-9C18-43CC-A797-1089D2CB0081}.Ad-Hoc|Any CPU.ActiveCfg = Release|x86
		{46BE03C7-9C18-43CC-A797-1089D2CB0081}.Ad-Hoc|Any CPU.Build.0 = Release|x86
		{46BE03C7-9C18-43CC-A797-1089D2CB0081}.Ad-Hoc|Any CPU.Deploy.0 = Release|x86
		{46BE03C7-9C18-43CC-A797-1089D2CB0081}.Ad-Hoc|ARM.ActiveCfg = Release|ARM
		{46BE03C7-9C18-43CC-A797-1089D2CB0081}.Ad-Hoc|ARM.Build.0 = Release|ARM
		{46BE03C7-9C18-43CC-A797-1089D2CB0081}.Ad-Hoc|ARM.Deploy.0 = Release|ARM
		{46BE03C7-9C18-43CC-A797-1089D2CB0081}.Ad-Hoc|iPhone.ActiveCfg = Release|x86
		{46BE03C7-9C18-43CC-A797-1089D2CB0081}.Ad-Hoc|iPhone.Build.0 = Release|x86
		{46BE03C7-9C18-43CC-A797-1089D2CB0081}.Ad-Hoc|iPhone.Deploy.0 = Release|x86
		{46BE03C7-9C18-43CC-A797-1089D2CB0081}.Ad-Hoc|iPhoneSimulator.ActiveCfg = Release|x86
		{46BE03C7-9C18-43CC-A797-1089D2CB0081}.Ad-Hoc|iPhoneSimulator.Build.0 = Release|x86
		{46BE03C7-9C18-43CC-A797-1089D2CB0081}.Ad-Hoc|iPhoneSimulator.Deploy.0 = Release|x86
		{46BE03C7-9C18-43CC-A797-1089D2CB0081}.Ad-Hoc|x64.ActiveCfg = Release|x64
		{46BE03C7-9C18-43CC-A797-1089D2CB0081}.Ad-Hoc|x64.Build.0 = Release|x64
		{46BE03C7-9C18-43CC-A797-1089D2CB0081}.Ad-Hoc|x64.Deploy.0 = Release|x64
		{46BE03C7-9C18-43CC-A797-1089D2CB0081}.Ad-Hoc|x86.ActiveCfg = Release|x86
		{46BE03C7-9C18-43CC-A797-1089D2CB0081}.Ad-Hoc|x86.Build.0 = Release|x86
		{46BE03C7-9C18-43CC-A797-1089D2CB0081}.Ad-Hoc|x86.Deploy.0 = Release|x86
		{46BE03C7-9C18-43CC-A797-1089D2CB0081}.AppStore|Any CPU.ActiveCfg = Release|x86
		{46BE03C7-9C18-43CC-A797-1089D2CB0081}.AppStore|Any CPU.Build.0 = Release|x86
		{46BE03C7-9C18-43CC-A797-1089D2CB0081}.AppStore|Any CPU.Deploy.0 = Release|x86
		{46BE03C7-9C18-43CC-A797-1089D2CB0081}.AppStore|ARM.ActiveCfg = Release|ARM
		{46BE03C7-9C18-43CC-A797-1089D2CB0081}.AppStore|ARM.Build.0 = Release|ARM
		{46BE03C7-9C18-43CC-A797-1089D2CB0081}.AppStore|ARM.Deploy.0 = Release|ARM
		{46BE03C7-9C18-43CC-A797-1089D2CB0081}.AppStore|iPhone.ActiveCfg = Release|x86
		{46BE03C7-9C18-43CC-A797-1089D2CB0081}.AppStore|iPhone.Build.0 = Release|x86
		{46BE03C7-9C18-43CC-A797-1089D2CB0081}.AppStore|iPhone.Deploy.0 = Release|x86
		{46BE03C7-9C18-43CC-A797-1089D2CB0081}.AppStore|iPhoneSimulator.ActiveCfg = Release|x86
		{46BE03C7-9C18-43CC-A797-1089D2CB0081}.AppStore|iPhoneSimulator.Build.0 = Release|x86
		{46BE03C7-9C18-43CC-A797-1089D2CB0081}.AppStore|iPhoneSimulator.Deploy.0 = Release|x86
		{46BE03C7-9C18-43CC-A797-1089D2CB0081}.AppStore|x64.ActiveCfg = Release|x64
		{46BE03C7-9C18-43CC-A797-1089D2CB0081}.AppStore|x64.Build.0 = Release|x64
		{46BE03C7-9C18-43CC-A797-1089D2CB0081}.AppStore|x64.Deploy.0 = Release|x64
		{46BE03C7-9C18-43CC-A797-1089D2CB0081}.AppStore|x86.ActiveCfg = Release|x86
		{46BE03C7-9C18-43CC-A797-1089D2CB0081}.AppStore|x86.Build.0 = Release|x86
		{46BE03C7-9C18-43CC-A797-1089D2CB0081}.AppStore|x86.Deploy.0 = Release|x86
		{46BE03C7-9C18-43CC-A797-1089D2CB0081}.Debug|Any CPU.ActiveCfg = Debug|x86
		{46BE03C7-9C18-43CC-A797-1089D2CB0081}.Debug|ARM.ActiveCfg = Debug|ARM
		{46BE03C7-9C18-43CC-A797-1089D2CB0081}.Debug|ARM.Build.0 = Debug|ARM
		{46BE03C7-9C18-43CC-A797-1089D2CB0081}.Debug|ARM.Deploy.0 = Debug|ARM
		{46BE03C7-9C18-43CC-A797-1089D2CB0081}.Debug|iPhone.ActiveCfg = Debug|x86
		{46BE03C7-9C18-43CC-A797-1089D2CB0081}.Debug|iPhoneSimulator.ActiveCfg = Debug|x86
		{46BE03C7-9C18-43CC-A797-1089D2CB0081}.Debug|x64.ActiveCfg = Debug|x64
		{46BE03C7-9C18-43CC-A797-1089D2CB0081}.Debug|x64.Build.0 = Debug|x64
		{46BE03C7-9C18-43CC-A797-1089D2CB0081}.Debug|x64.Deploy.0 = Debug|x64
		{46BE03C7-9C18-43CC-A797-1089D2CB0081}.Debug|x86.ActiveCfg = Debug|x86
		{46BE03C7-9C18-43CC-A797-1089D2CB0081}.Debug|x86.Build.0 = Debug|x86
		{46BE03C7-9C18-43CC-A797-1089D2CB0081}.Debug|x86.Deploy.0 = Debug|x86
		{46BE03C7-9C18-43CC-A797-1089D2CB0081}.Release|Any CPU.ActiveCfg = Release|x86
		{46BE03C7-9C18-43CC-A797-1089D2CB0081}.Release|ARM.ActiveCfg = Release|ARM
		{46BE03C7-9C18-43CC-A797-1089D2CB0081}.Release|ARM.Build.0 = Release|ARM
		{46BE03C7-9C18-43CC-A797-1089D2CB0081}.Release|ARM.Deploy.0 = Release|ARM
		{46BE03C7-9C18-43CC-A797-1089D2CB0081}.Release|iPhone.ActiveCfg = Release|x86
		{46BE03C7-9C18-43CC-A797-1089D2CB0081}.Release|iPhoneSimulator.ActiveCfg = Release|x86
		{46BE03C7-9C18-43CC-A797-1089D2CB0081}.Release|x64.ActiveCfg = Release|x64
		{46BE03C7-9C18-43CC-A797-1089D2CB0081}.Release|x64.Build.0 = Release|x64
		{46BE03C7-9C18-43CC-A797-1089D2CB0081}.Release|x64.Deploy.0 = Release|x64
		{46BE03C7-9C18-43CC-A797-1089D2CB0081}.Release|x86.ActiveCfg = Release|x86
		{46BE03C7-9C18-43CC-A797-1089D2CB0081}.Release|x86.Build.0 = Release|x86
		{46BE03C7-9C18-43CC-A797-1089D2CB0081}.Release|x86.Deploy.0 = Release|x86
		{4FCFCDF4-F401-42D6-A4F3-E2A76CFA4C09}.Ad-Hoc|Any CPU.ActiveCfg = Ad-Hoc|iPhone
		{4FCFCDF4-F401-42D6-A4F3-E2A76CFA4C09}.Ad-Hoc|ARM.ActiveCfg = Ad-Hoc|iPhone
		{4FCFCDF4-F401-42D6-A4F3-E2A76CFA4C09}.Ad-Hoc|iPhone.ActiveCfg = Ad-Hoc|iPhone
		{4FCFCDF4-F401-42D6-A4F3-E2A76CFA4C09}.Ad-Hoc|iPhone.Build.0 = Ad-Hoc|iPhone
		{4FCFCDF4-F401-42D6-A4F3-E2A76CFA4C09}.Ad-Hoc|iPhoneSimulator.ActiveCfg = Ad-Hoc|iPhoneSimulator
		{4FCFCDF4-F401-42D6-A4F3-E2A76CFA4C09}.Ad-Hoc|iPhoneSimulator.Build.0 = Ad-Hoc|iPhoneSimulator
		{4FCFCDF4-F401-42D6-A4F3-E2A76CFA4C09}.Ad-Hoc|x64.ActiveCfg = Ad-Hoc|iPhone
		{4FCFCDF4-F401-42D6-A4F3-E2A76CFA4C09}.Ad-Hoc|x86.ActiveCfg = Ad-Hoc|iPhone
		{4FCFCDF4-F401-42D6-A4F3-E2A76CFA4C09}.AppStore|Any CPU.ActiveCfg = AppStore|iPhone
		{4FCFCDF4-F401-42D6-A4F3-E2A76CFA4C09}.AppStore|ARM.ActiveCfg = AppStore|iPhone
		{4FCFCDF4-F401-42D6-A4F3-E2A76CFA4C09}.AppStore|iPhone.ActiveCfg = AppStore|iPhone
		{4FCFCDF4-F401-42D6-A4F3-E2A76CFA4C09}.AppStore|iPhone.Build.0 = AppStore|iPhone
		{4FCFCDF4-F401-42D6-A4F3-E2A76CFA4C09}.AppStore|iPhoneSimulator.ActiveCfg = AppStore|iPhoneSimulator
		{4FCFCDF4-F401-42D6-A4F3-E2A76CFA4C09}.AppStore|iPhoneSimulator.Build.0 = AppStore|iPhoneSimulator
		{4FCFCDF4-F401-42D6-A4F3-E2A76CFA4C09}.AppStore|x64.ActiveCfg = AppStore|iPhone
		{4FCFCDF4-F401-42D6-A4F3-E2A76CFA4C09}.AppStore|x86.ActiveCfg = AppStore|iPhone
		{4FCFCDF4-F401-42D6-A4F3-E2A76CFA4C09}.Debug|Any CPU.ActiveCfg = Debug|iPhone
		{4FCFCDF4-F401-42D6-A4F3-E2A76CFA4C09}.Debug|ARM.ActiveCfg = Debug|iPhone
		{4FCFCDF4-F401-42D6-A4F3-E2A76CFA4C09}.Debug|iPhone.ActiveCfg = Debug|iPhone
		{4FCFCDF4-F401-42D6-A4F3-E2A76CFA4C09}.Debug|iPhone.Build.0 = Debug|iPhone
		{4FCFCDF4-F401-42D6-A4F3-E2A76CFA4C09}.Debug|iPhoneSimulator.ActiveCfg = Debug|iPhoneSimulator
		{4FCFCDF4-F401-42D6-A4F3-E2A76CFA4C09}.Debug|iPhoneSimulator.Build.0 = Debug|iPhoneSimulator
		{4FCFCDF4-F401-42D6-A4F3-E2A76CFA4C09}.Debug|x64.ActiveCfg = Debug|iPhone
		{4FCFCDF4-F401-42D6-A4F3-E2A76CFA4C09}.Debug|x86.ActiveCfg = Debug|iPhone
		{4FCFCDF4-F401-42D6-A4F3-E2A76CFA4C09}.Release|Any CPU.ActiveCfg = Release|iPhone
		{4FCFCDF4-F401-42D6-A4F3-E2A76CFA4C09}.Release|ARM.ActiveCfg = Release|iPhone
		{4FCFCDF4-F401-42D6-A4F3-E2A76CFA4C09}.Release|iPhone.ActiveCfg = Release|iPhone
		{4FCFCDF4-F401-42D6-A4F3-E2A76CFA4C09}.Release|iPhone.Build.0 = Release|iPhone
		{4FCFCDF4-F401-42D6-A4F3-E2A76CFA4C09}.Release|iPhoneSimulator.ActiveCfg = Release|iPhoneSimulator
		{4FCFCDF4-F401-42D6-A4F3-E2A76CFA4C09}.Release|iPhoneSimulator.Build.0 = Release|iPhoneSimulator
		{4FCFCDF4-F401-42D6-A4F3-E2A76CFA4C09}.Release|x64.ActiveCfg = Release|iPhone
		{4FCFCDF4-F401-42D6-A4F3-E2A76CFA4C09}.Release|x86.ActiveCfg = Release|iPhone
		{DF04F9C0-89F1-4867-A9A3-C02BD3222C9C}.Ad-Hoc|Any CPU.ActiveCfg = Release|Any CPU
		{DF04F9C0-89F1-4867-A9A3-C02BD3222C9C}.Ad-Hoc|Any CPU.Build.0 = Release|Any CPU
		{DF04F9C0-89F1-4867-A9A3-C02BD3222C9C}.Ad-Hoc|ARM.ActiveCfg = Release|Any CPU
		{DF04F9C0-89F1-4867-A9A3-C02BD3222C9C}.Ad-Hoc|ARM.Build.0 = Release|Any CPU
		{DF04F9C0-89F1-4867-A9A3-C02BD3222C9C}.Ad-Hoc|iPhone.ActiveCfg = Release|Any CPU
		{DF04F9C0-89F1-4867-A9A3-C02BD3222C9C}.Ad-Hoc|iPhone.Build.0 = Release|Any CPU
		{DF04F9C0-89F1-4867-A9A3-C02BD3222C9C}.Ad-Hoc|iPhoneSimulator.ActiveCfg = Release|Any CPU
		{DF04F9C0-89F1-4867-A9A3-C02BD3222C9C}.Ad-Hoc|iPhoneSimulator.Build.0 = Release|Any CPU
		{DF04F9C0-89F1-4867-A9A3-C02BD3222C9C}.Ad-Hoc|x64.ActiveCfg = Release|Any CPU
		{DF04F9C0-89F1-4867-A9A3-C02BD3222C9C}.Ad-Hoc|x64.Build.0 = Release|Any CPU
		{DF04F9C0-89F1-4867-A9A3-C02BD3222C9C}.Ad-Hoc|x86.ActiveCfg = Release|Any CPU
		{DF04F9C0-89F1-4867-A9A3-C02BD3222C9C}.Ad-Hoc|x86.Build.0 = Release|Any CPU
		{DF04F9C0-89F1-4867-A9A3-C02BD3222C9C}.AppStore|Any CPU.ActiveCfg = Release|Any CPU
		{DF04F9C0-89F1-4867-A9A3-C02BD3222C9C}.AppStore|Any CPU.Build.0 = Release|Any CPU
		{DF04F9C0-89F1-4867-A9A3-C02BD3222C9C}.AppStore|ARM.ActiveCfg = Release|Any CPU
		{DF04F9C0-89F1-4867-A9A3-C02BD3222C9C}.AppStore|ARM.Build.0 = Release|Any CPU
		{DF04F9C0-89F1-4867-A9A3-C02BD3222C9C}.AppStore|iPhone.ActiveCfg = Release|Any CPU
		{DF04F9C0-89F1-4867-A9A3-C02BD3222C9C}.AppStore|iPhone.Build.0 = Release|Any CPU
		{DF04F9C0-89F1-4867-A9A3-C02BD3222C9C}.AppStore|iPhoneSimulator.ActiveCfg = Release|Any CPU
		{DF04F9C0-89F1-4867-A9A3-C02BD3222C9C}.AppStore|iPhoneSimulator.Build.0 = Release|Any CPU
		{DF04F9C0-89F1-4867-A9A3-C02BD3222C9C}.AppStore|x64.ActiveCfg = Release|Any CPU
		{DF04F9C0-89F1-4867-A9A3-C02BD3222C9C}.AppStore|x64.Build.0 = Release|Any CPU
		{DF04F9C0-89F1-4867-A9A3-C02BD3222C9C}.AppStore|x86.ActiveCfg = Release|Any CPU
		{DF04F9C0-89F1-4867-A9A3-C02BD3222C9C}.AppStore|x86.Build.0 = Release|Any CPU
		{DF04F9C0-89F1-4867-A9A3-C02BD3222C9C}.Debug|Any CPU.ActiveCfg = Debug|Any CPU
		{DF04F9C0-89F1-4867-A9A3-C02BD3222C9C}.Debug|Any CPU.Build.0 = Debug|Any CPU
		{DF04F9C0-89F1-4867-A9A3-C02BD3222C9C}.Debug|ARM.ActiveCfg = Debug|Any CPU
		{DF04F9C0-89F1-4867-A9A3-C02BD3222C9C}.Debug|ARM.Build.0 = Debug|Any CPU
		{DF04F9C0-89F1-4867-A9A3-C02BD3222C9C}.Debug|iPhone.ActiveCfg = Debug|Any CPU
		{DF04F9C0-89F1-4867-A9A3-C02BD3222C9C}.Debug|iPhone.Build.0 = Debug|Any CPU
		{DF04F9C0-89F1-4867-A9A3-C02BD3222C9C}.Debug|iPhoneSimulator.ActiveCfg = Debug|Any CPU
		{DF04F9C0-89F1-4867-A9A3-C02BD3222C9C}.Debug|iPhoneSimulator.Build.0 = Debug|Any CPU
		{DF04F9C0-89F1-4867-A9A3-C02BD3222C9C}.Debug|x64.ActiveCfg = Debug|Any CPU
		{DF04F9C0-89F1-4867-A9A3-C02BD3222C9C}.Debug|x64.Build.0 = Debug|Any CPU
		{DF04F9C0-89F1-4867-A9A3-C02BD3222C9C}.Debug|x86.ActiveCfg = Debug|Any CPU
		{DF04F9C0-89F1-4867-A9A3-C02BD3222C9C}.Debug|x86.Build.0 = Debug|Any CPU
		{DF04F9C0-89F1-4867-A9A3-C02BD3222C9C}.Release|Any CPU.ActiveCfg = Release|Any CPU
		{DF04F9C0-89F1-4867-A9A3-C02BD3222C9C}.Release|Any CPU.Build.0 = Release|Any CPU
		{DF04F9C0-89F1-4867-A9A3-C02BD3222C9C}.Release|ARM.ActiveCfg = Release|Any CPU
		{DF04F9C0-89F1-4867-A9A3-C02BD3222C9C}.Release|ARM.Build.0 = Release|Any CPU
		{DF04F9C0-89F1-4867-A9A3-C02BD3222C9C}.Release|iPhone.ActiveCfg = Release|Any CPU
		{DF04F9C0-89F1-4867-A9A3-C02BD3222C9C}.Release|iPhone.Build.0 = Release|Any CPU
		{DF04F9C0-89F1-4867-A9A3-C02BD3222C9C}.Release|iPhoneSimulator.ActiveCfg = Release|Any CPU
		{DF04F9C0-89F1-4867-A9A3-C02BD3222C9C}.Release|iPhoneSimulator.Build.0 = Release|Any CPU
		{DF04F9C0-89F1-4867-A9A3-C02BD3222C9C}.Release|x64.ActiveCfg = Release|Any CPU
		{DF04F9C0-89F1-4867-A9A3-C02BD3222C9C}.Release|x64.Build.0 = Release|Any CPU
		{DF04F9C0-89F1-4867-A9A3-C02BD3222C9C}.Release|x86.ActiveCfg = Release|Any CPU
		{DF04F9C0-89F1-4867-A9A3-C02BD3222C9C}.Release|x86.Build.0 = Release|Any CPU
		{1A21C143-16D8-49A1-8AA8-0ECC4819EF58}.Ad-Hoc|Any CPU.ActiveCfg = Release|Any CPU
		{1A21C143-16D8-49A1-8AA8-0ECC4819EF58}.Ad-Hoc|Any CPU.Build.0 = Release|Any CPU
		{1A21C143-16D8-49A1-8AA8-0ECC4819EF58}.Ad-Hoc|ARM.ActiveCfg = Release|Any CPU
		{1A21C143-16D8-49A1-8AA8-0ECC4819EF58}.Ad-Hoc|ARM.Build.0 = Release|Any CPU
		{1A21C143-16D8-49A1-8AA8-0ECC4819EF58}.Ad-Hoc|iPhone.ActiveCfg = Release|Any CPU
		{1A21C143-16D8-49A1-8AA8-0ECC4819EF58}.Ad-Hoc|iPhone.Build.0 = Release|Any CPU
		{1A21C143-16D8-49A1-8AA8-0ECC4819EF58}.Ad-Hoc|iPhoneSimulator.ActiveCfg = Release|Any CPU
		{1A21C143-16D8-49A1-8AA8-0ECC4819EF58}.Ad-Hoc|iPhoneSimulator.Build.0 = Release|Any CPU
		{1A21C143-16D8-49A1-8AA8-0ECC4819EF58}.Ad-Hoc|x64.ActiveCfg = Release|Any CPU
		{1A21C143-16D8-49A1-8AA8-0ECC4819EF58}.Ad-Hoc|x64.Build.0 = Release|Any CPU
		{1A21C143-16D8-49A1-8AA8-0ECC4819EF58}.Ad-Hoc|x86.ActiveCfg = Release|Any CPU
		{1A21C143-16D8-49A1-8AA8-0ECC4819EF58}.Ad-Hoc|x86.Build.0 = Release|Any CPU
		{1A21C143-16D8-49A1-8AA8-0ECC4819EF58}.AppStore|Any CPU.ActiveCfg = Release|Any CPU
		{1A21C143-16D8-49A1-8AA8-0ECC4819EF58}.AppStore|Any CPU.Build.0 = Release|Any CPU
		{1A21C143-16D8-49A1-8AA8-0ECC4819EF58}.AppStore|ARM.ActiveCfg = Release|Any CPU
		{1A21C143-16D8-49A1-8AA8-0ECC4819EF58}.AppStore|ARM.Build.0 = Release|Any CPU
		{1A21C143-16D8-49A1-8AA8-0ECC4819EF58}.AppStore|iPhone.ActiveCfg = Release|Any CPU
		{1A21C143-16D8-49A1-8AA8-0ECC4819EF58}.AppStore|iPhone.Build.0 = Release|Any CPU
		{1A21C143-16D8-49A1-8AA8-0ECC4819EF58}.AppStore|iPhoneSimulator.ActiveCfg = Release|Any CPU
		{1A21C143-16D8-49A1-8AA8-0ECC4819EF58}.AppStore|iPhoneSimulator.Build.0 = Release|Any CPU
		{1A21C143-16D8-49A1-8AA8-0ECC4819EF58}.AppStore|x64.ActiveCfg = Release|Any CPU
		{1A21C143-16D8-49A1-8AA8-0ECC4819EF58}.AppStore|x64.Build.0 = Release|Any CPU
		{1A21C143-16D8-49A1-8AA8-0ECC4819EF58}.AppStore|x86.ActiveCfg = Release|Any CPU
		{1A21C143-16D8-49A1-8AA8-0ECC4819EF58}.AppStore|x86.Build.0 = Release|Any CPU
		{1A21C143-16D8-49A1-8AA8-0ECC4819EF58}.Debug|Any CPU.ActiveCfg = Debug|Any CPU
		{1A21C143-16D8-49A1-8AA8-0ECC4819EF58}.Debug|Any CPU.Build.0 = Debug|Any CPU
		{1A21C143-16D8-49A1-8AA8-0ECC4819EF58}.Debug|ARM.ActiveCfg = Debug|Any CPU
		{1A21C143-16D8-49A1-8AA8-0ECC4819EF58}.Debug|ARM.Build.0 = Debug|Any CPU
		{1A21C143-16D8-49A1-8AA8-0ECC4819EF58}.Debug|iPhone.ActiveCfg = Debug|Any CPU
		{1A21C143-16D8-49A1-8AA8-0ECC4819EF58}.Debug|iPhone.Build.0 = Debug|Any CPU
		{1A21C143-16D8-49A1-8AA8-0ECC4819EF58}.Debug|iPhoneSimulator.ActiveCfg = Debug|Any CPU
		{1A21C143-16D8-49A1-8AA8-0ECC4819EF58}.Debug|iPhoneSimulator.Build.0 = Debug|Any CPU
		{1A21C143-16D8-49A1-8AA8-0ECC4819EF58}.Debug|x64.ActiveCfg = Debug|Any CPU
		{1A21C143-16D8-49A1-8AA8-0ECC4819EF58}.Debug|x64.Build.0 = Debug|Any CPU
		{1A21C143-16D8-49A1-8AA8-0ECC4819EF58}.Debug|x86.ActiveCfg = Debug|Any CPU
		{1A21C143-16D8-49A1-8AA8-0ECC4819EF58}.Debug|x86.Build.0 = Debug|Any CPU
		{1A21C143-16D8-49A1-8AA8-0ECC4819EF58}.Release|Any CPU.ActiveCfg = Release|Any CPU
		{1A21C143-16D8-49A1-8AA8-0ECC4819EF58}.Release|Any CPU.Build.0 = Release|Any CPU
		{1A21C143-16D8-49A1-8AA8-0ECC4819EF58}.Release|ARM.ActiveCfg = Release|Any CPU
		{1A21C143-16D8-49A1-8AA8-0ECC4819EF58}.Release|ARM.Build.0 = Release|Any CPU
		{1A21C143-16D8-49A1-8AA8-0ECC4819EF58}.Release|iPhone.ActiveCfg = Release|Any CPU
		{1A21C143-16D8-49A1-8AA8-0ECC4819EF58}.Release|iPhone.Build.0 = Release|Any CPU
		{1A21C143-16D8-49A1-8AA8-0ECC4819EF58}.Release|iPhoneSimulator.ActiveCfg = Release|Any CPU
		{1A21C143-16D8-49A1-8AA8-0ECC4819EF58}.Release|iPhoneSimulator.Build.0 = Release|Any CPU
		{1A21C143-16D8-49A1-8AA8-0ECC4819EF58}.Release|x64.ActiveCfg = Release|Any CPU
		{1A21C143-16D8-49A1-8AA8-0ECC4819EF58}.Release|x64.Build.0 = Release|Any CPU
		{1A21C143-16D8-49A1-8AA8-0ECC4819EF58}.Release|x86.ActiveCfg = Release|Any CPU
		{1A21C143-16D8-49A1-8AA8-0ECC4819EF58}.Release|x86.Build.0 = Release|Any CPU
		{D5318FFF-5BB1-4598-ABBC-096F3F7C228C}.Ad-Hoc|Any CPU.ActiveCfg = Release|Any CPU
		{D5318FFF-5BB1-4598-ABBC-096F3F7C228C}.Ad-Hoc|Any CPU.Build.0 = Release|Any CPU
		{D5318FFF-5BB1-4598-ABBC-096F3F7C228C}.Ad-Hoc|ARM.ActiveCfg = Release|Any CPU
		{D5318FFF-5BB1-4598-ABBC-096F3F7C228C}.Ad-Hoc|ARM.Build.0 = Release|Any CPU
		{D5318FFF-5BB1-4598-ABBC-096F3F7C228C}.Ad-Hoc|iPhone.ActiveCfg = Release|Any CPU
		{D5318FFF-5BB1-4598-ABBC-096F3F7C228C}.Ad-Hoc|iPhone.Build.0 = Release|Any CPU
		{D5318FFF-5BB1-4598-ABBC-096F3F7C228C}.Ad-Hoc|iPhoneSimulator.ActiveCfg = Release|Any CPU
		{D5318FFF-5BB1-4598-ABBC-096F3F7C228C}.Ad-Hoc|iPhoneSimulator.Build.0 = Release|Any CPU
		{D5318FFF-5BB1-4598-ABBC-096F3F7C228C}.Ad-Hoc|x64.ActiveCfg = Release|Any CPU
		{D5318FFF-5BB1-4598-ABBC-096F3F7C228C}.Ad-Hoc|x64.Build.0 = Release|Any CPU
		{D5318FFF-5BB1-4598-ABBC-096F3F7C228C}.Ad-Hoc|x86.ActiveCfg = Release|Any CPU
		{D5318FFF-5BB1-4598-ABBC-096F3F7C228C}.Ad-Hoc|x86.Build.0 = Release|Any CPU
		{D5318FFF-5BB1-4598-ABBC-096F3F7C228C}.AppStore|Any CPU.ActiveCfg = Release|Any CPU
		{D5318FFF-5BB1-4598-ABBC-096F3F7C228C}.AppStore|Any CPU.Build.0 = Release|Any CPU
		{D5318FFF-5BB1-4598-ABBC-096F3F7C228C}.AppStore|ARM.ActiveCfg = Release|Any CPU
		{D5318FFF-5BB1-4598-ABBC-096F3F7C228C}.AppStore|ARM.Build.0 = Release|Any CPU
		{D5318FFF-5BB1-4598-ABBC-096F3F7C228C}.AppStore|iPhone.ActiveCfg = Release|Any CPU
		{D5318FFF-5BB1-4598-ABBC-096F3F7C228C}.AppStore|iPhone.Build.0 = Release|Any CPU
		{D5318FFF-5BB1-4598-ABBC-096F3F7C228C}.AppStore|iPhoneSimulator.ActiveCfg = Release|Any CPU
		{D5318FFF-5BB1-4598-ABBC-096F3F7C228C}.AppStore|iPhoneSimulator.Build.0 = Release|Any CPU
		{D5318FFF-5BB1-4598-ABBC-096F3F7C228C}.AppStore|x64.ActiveCfg = Release|Any CPU
		{D5318FFF-5BB1-4598-ABBC-096F3F7C228C}.AppStore|x64.Build.0 = Release|Any CPU
		{D5318FFF-5BB1-4598-ABBC-096F3F7C228C}.AppStore|x86.ActiveCfg = Release|Any CPU
		{D5318FFF-5BB1-4598-ABBC-096F3F7C228C}.AppStore|x86.Build.0 = Release|Any CPU
		{D5318FFF-5BB1-4598-ABBC-096F3F7C228C}.Debug|Any CPU.ActiveCfg = Debug|Any CPU
		{D5318FFF-5BB1-4598-ABBC-096F3F7C228C}.Debug|Any CPU.Build.0 = Debug|Any CPU
		{D5318FFF-5BB1-4598-ABBC-096F3F7C228C}.Debug|ARM.ActiveCfg = Debug|Any CPU
		{D5318FFF-5BB1-4598-ABBC-096F3F7C228C}.Debug|ARM.Build.0 = Debug|Any CPU
		{D5318FFF-5BB1-4598-ABBC-096F3F7C228C}.Debug|iPhone.ActiveCfg = Debug|Any CPU
		{D5318FFF-5BB1-4598-ABBC-096F3F7C228C}.Debug|iPhone.Build.0 = Debug|Any CPU
		{D5318FFF-5BB1-4598-ABBC-096F3F7C228C}.Debug|iPhoneSimulator.ActiveCfg = Debug|Any CPU
		{D5318FFF-5BB1-4598-ABBC-096F3F7C228C}.Debug|iPhoneSimulator.Build.0 = Debug|Any CPU
		{D5318FFF-5BB1-4598-ABBC-096F3F7C228C}.Debug|x64.ActiveCfg = Debug|Any CPU
		{D5318FFF-5BB1-4598-ABBC-096F3F7C228C}.Debug|x64.Build.0 = Debug|Any CPU
		{D5318FFF-5BB1-4598-ABBC-096F3F7C228C}.Debug|x86.ActiveCfg = Debug|Any CPU
		{D5318FFF-5BB1-4598-ABBC-096F3F7C228C}.Debug|x86.Build.0 = Debug|Any CPU
		{D5318FFF-5BB1-4598-ABBC-096F3F7C228C}.Release|Any CPU.ActiveCfg = Release|Any CPU
		{D5318FFF-5BB1-4598-ABBC-096F3F7C228C}.Release|Any CPU.Build.0 = Release|Any CPU
		{D5318FFF-5BB1-4598-ABBC-096F3F7C228C}.Release|ARM.ActiveCfg = Release|Any CPU
		{D5318FFF-5BB1-4598-ABBC-096F3F7C228C}.Release|ARM.Build.0 = Release|Any CPU
		{D5318FFF-5BB1-4598-ABBC-096F3F7C228C}.Release|iPhone.ActiveCfg = Release|Any CPU
		{D5318FFF-5BB1-4598-ABBC-096F3F7C228C}.Release|iPhone.Build.0 = Release|Any CPU
		{D5318FFF-5BB1-4598-ABBC-096F3F7C228C}.Release|iPhoneSimulator.ActiveCfg = Release|Any CPU
		{D5318FFF-5BB1-4598-ABBC-096F3F7C228C}.Release|iPhoneSimulator.Build.0 = Release|Any CPU
		{D5318FFF-5BB1-4598-ABBC-096F3F7C228C}.Release|x64.ActiveCfg = Release|Any CPU
		{D5318FFF-5BB1-4598-ABBC-096F3F7C228C}.Release|x64.Build.0 = Release|Any CPU
		{D5318FFF-5BB1-4598-ABBC-096F3F7C228C}.Release|x86.ActiveCfg = Release|Any CPU
		{D5318FFF-5BB1-4598-ABBC-096F3F7C228C}.Release|x86.Build.0 = Release|Any CPU
		{50EC4A88-C2DE-4757-9DBB-F2FF9DD0CF8E}.Ad-Hoc|Any CPU.ActiveCfg = Release|Any CPU
		{50EC4A88-C2DE-4757-9DBB-F2FF9DD0CF8E}.Ad-Hoc|Any CPU.Build.0 = Release|Any CPU
		{50EC4A88-C2DE-4757-9DBB-F2FF9DD0CF8E}.Ad-Hoc|ARM.ActiveCfg = Release|Any CPU
		{50EC4A88-C2DE-4757-9DBB-F2FF9DD0CF8E}.Ad-Hoc|ARM.Build.0 = Release|Any CPU
		{50EC4A88-C2DE-4757-9DBB-F2FF9DD0CF8E}.Ad-Hoc|iPhone.ActiveCfg = Release|Any CPU
		{50EC4A88-C2DE-4757-9DBB-F2FF9DD0CF8E}.Ad-Hoc|iPhone.Build.0 = Release|Any CPU
		{50EC4A88-C2DE-4757-9DBB-F2FF9DD0CF8E}.Ad-Hoc|iPhoneSimulator.ActiveCfg = Release|Any CPU
		{50EC4A88-C2DE-4757-9DBB-F2FF9DD0CF8E}.Ad-Hoc|iPhoneSimulator.Build.0 = Release|Any CPU
		{50EC4A88-C2DE-4757-9DBB-F2FF9DD0CF8E}.Ad-Hoc|x64.ActiveCfg = Release|Any CPU
		{50EC4A88-C2DE-4757-9DBB-F2FF9DD0CF8E}.Ad-Hoc|x64.Build.0 = Release|Any CPU
		{50EC4A88-C2DE-4757-9DBB-F2FF9DD0CF8E}.Ad-Hoc|x86.ActiveCfg = Release|Any CPU
		{50EC4A88-C2DE-4757-9DBB-F2FF9DD0CF8E}.Ad-Hoc|x86.Build.0 = Release|Any CPU
		{50EC4A88-C2DE-4757-9DBB-F2FF9DD0CF8E}.AppStore|Any CPU.ActiveCfg = Release|Any CPU
		{50EC4A88-C2DE-4757-9DBB-F2FF9DD0CF8E}.AppStore|Any CPU.Build.0 = Release|Any CPU
		{50EC4A88-C2DE-4757-9DBB-F2FF9DD0CF8E}.AppStore|ARM.ActiveCfg = Release|Any CPU
		{50EC4A88-C2DE-4757-9DBB-F2FF9DD0CF8E}.AppStore|ARM.Build.0 = Release|Any CPU
		{50EC4A88-C2DE-4757-9DBB-F2FF9DD0CF8E}.AppStore|iPhone.ActiveCfg = Release|Any CPU
		{50EC4A88-C2DE-4757-9DBB-F2FF9DD0CF8E}.AppStore|iPhone.Build.0 = Release|Any CPU
		{50EC4A88-C2DE-4757-9DBB-F2FF9DD0CF8E}.AppStore|iPhoneSimulator.ActiveCfg = Release|Any CPU
		{50EC4A88-C2DE-4757-9DBB-F2FF9DD0CF8E}.AppStore|iPhoneSimulator.Build.0 = Release|Any CPU
		{50EC4A88-C2DE-4757-9DBB-F2FF9DD0CF8E}.AppStore|x64.ActiveCfg = Release|Any CPU
		{50EC4A88-C2DE-4757-9DBB-F2FF9DD0CF8E}.AppStore|x64.Build.0 = Release|Any CPU
		{50EC4A88-C2DE-4757-9DBB-F2FF9DD0CF8E}.AppStore|x86.ActiveCfg = Release|Any CPU
		{50EC4A88-C2DE-4757-9DBB-F2FF9DD0CF8E}.AppStore|x86.Build.0 = Release|Any CPU
		{50EC4A88-C2DE-4757-9DBB-F2FF9DD0CF8E}.Debug|Any CPU.ActiveCfg = Debug|Any CPU
		{50EC4A88-C2DE-4757-9DBB-F2FF9DD0CF8E}.Debug|Any CPU.Build.0 = Debug|Any CPU
		{50EC4A88-C2DE-4757-9DBB-F2FF9DD0CF8E}.Debug|ARM.ActiveCfg = Debug|Any CPU
		{50EC4A88-C2DE-4757-9DBB-F2FF9DD0CF8E}.Debug|ARM.Build.0 = Debug|Any CPU
		{50EC4A88-C2DE-4757-9DBB-F2FF9DD0CF8E}.Debug|iPhone.ActiveCfg = Debug|Any CPU
		{50EC4A88-C2DE-4757-9DBB-F2FF9DD0CF8E}.Debug|iPhone.Build.0 = Debug|Any CPU
		{50EC4A88-C2DE-4757-9DBB-F2FF9DD0CF8E}.Debug|iPhoneSimulator.ActiveCfg = Debug|Any CPU
		{50EC4A88-C2DE-4757-9DBB-F2FF9DD0CF8E}.Debug|iPhoneSimulator.Build.0 = Debug|Any CPU
		{50EC4A88-C2DE-4757-9DBB-F2FF9DD0CF8E}.Debug|x64.ActiveCfg = Debug|Any CPU
		{50EC4A88-C2DE-4757-9DBB-F2FF9DD0CF8E}.Debug|x64.Build.0 = Debug|Any CPU
		{50EC4A88-C2DE-4757-9DBB-F2FF9DD0CF8E}.Debug|x86.ActiveCfg = Debug|Any CPU
		{50EC4A88-C2DE-4757-9DBB-F2FF9DD0CF8E}.Debug|x86.Build.0 = Debug|Any CPU
		{50EC4A88-C2DE-4757-9DBB-F2FF9DD0CF8E}.Release|Any CPU.ActiveCfg = Release|Any CPU
		{50EC4A88-C2DE-4757-9DBB-F2FF9DD0CF8E}.Release|Any CPU.Build.0 = Release|Any CPU
		{50EC4A88-C2DE-4757-9DBB-F2FF9DD0CF8E}.Release|ARM.ActiveCfg = Release|Any CPU
		{50EC4A88-C2DE-4757-9DBB-F2FF9DD0CF8E}.Release|ARM.Build.0 = Release|Any CPU
		{50EC4A88-C2DE-4757-9DBB-F2FF9DD0CF8E}.Release|iPhone.ActiveCfg = Release|Any CPU
		{50EC4A88-C2DE-4757-9DBB-F2FF9DD0CF8E}.Release|iPhone.Build.0 = Release|Any CPU
		{50EC4A88-C2DE-4757-9DBB-F2FF9DD0CF8E}.Release|iPhoneSimulator.ActiveCfg = Release|Any CPU
		{50EC4A88-C2DE-4757-9DBB-F2FF9DD0CF8E}.Release|iPhoneSimulator.Build.0 = Release|Any CPU
		{50EC4A88-C2DE-4757-9DBB-F2FF9DD0CF8E}.Release|x64.ActiveCfg = Release|Any CPU
		{50EC4A88-C2DE-4757-9DBB-F2FF9DD0CF8E}.Release|x64.Build.0 = Release|Any CPU
		{50EC4A88-C2DE-4757-9DBB-F2FF9DD0CF8E}.Release|x86.ActiveCfg = Release|Any CPU
		{50EC4A88-C2DE-4757-9DBB-F2FF9DD0CF8E}.Release|x86.Build.0 = Release|Any CPU
		{38A80ADE-EDD4-4870-BB08-5B526AD7AFCC}.Ad-Hoc|Any CPU.ActiveCfg = Release|Any CPU
		{38A80ADE-EDD4-4870-BB08-5B526AD7AFCC}.Ad-Hoc|Any CPU.Build.0 = Release|Any CPU
		{38A80ADE-EDD4-4870-BB08-5B526AD7AFCC}.Ad-Hoc|ARM.ActiveCfg = Release|Any CPU
		{38A80ADE-EDD4-4870-BB08-5B526AD7AFCC}.Ad-Hoc|ARM.Build.0 = Release|Any CPU
		{38A80ADE-EDD4-4870-BB08-5B526AD7AFCC}.Ad-Hoc|iPhone.ActiveCfg = Release|Any CPU
		{38A80ADE-EDD4-4870-BB08-5B526AD7AFCC}.Ad-Hoc|iPhone.Build.0 = Release|Any CPU
		{38A80ADE-EDD4-4870-BB08-5B526AD7AFCC}.Ad-Hoc|iPhoneSimulator.ActiveCfg = Release|Any CPU
		{38A80ADE-EDD4-4870-BB08-5B526AD7AFCC}.Ad-Hoc|iPhoneSimulator.Build.0 = Release|Any CPU
		{38A80ADE-EDD4-4870-BB08-5B526AD7AFCC}.Ad-Hoc|x64.ActiveCfg = Release|Any CPU
		{38A80ADE-EDD4-4870-BB08-5B526AD7AFCC}.Ad-Hoc|x64.Build.0 = Release|Any CPU
		{38A80ADE-EDD4-4870-BB08-5B526AD7AFCC}.Ad-Hoc|x86.ActiveCfg = Release|Any CPU
		{38A80ADE-EDD4-4870-BB08-5B526AD7AFCC}.Ad-Hoc|x86.Build.0 = Release|Any CPU
		{38A80ADE-EDD4-4870-BB08-5B526AD7AFCC}.AppStore|Any CPU.ActiveCfg = Release|Any CPU
		{38A80ADE-EDD4-4870-BB08-5B526AD7AFCC}.AppStore|Any CPU.Build.0 = Release|Any CPU
		{38A80ADE-EDD4-4870-BB08-5B526AD7AFCC}.AppStore|ARM.ActiveCfg = Release|Any CPU
		{38A80ADE-EDD4-4870-BB08-5B526AD7AFCC}.AppStore|ARM.Build.0 = Release|Any CPU
		{38A80ADE-EDD4-4870-BB08-5B526AD7AFCC}.AppStore|iPhone.ActiveCfg = Release|Any CPU
		{38A80ADE-EDD4-4870-BB08-5B526AD7AFCC}.AppStore|iPhone.Build.0 = Release|Any CPU
		{38A80ADE-EDD4-4870-BB08-5B526AD7AFCC}.AppStore|iPhoneSimulator.ActiveCfg = Release|Any CPU
		{38A80ADE-EDD4-4870-BB08-5B526AD7AFCC}.AppStore|iPhoneSimulator.Build.0 = Release|Any CPU
		{38A80ADE-EDD4-4870-BB08-5B526AD7AFCC}.AppStore|x64.ActiveCfg = Release|Any CPU
		{38A80ADE-EDD4-4870-BB08-5B526AD7AFCC}.AppStore|x64.Build.0 = Release|Any CPU
		{38A80ADE-EDD4-4870-BB08-5B526AD7AFCC}.AppStore|x86.ActiveCfg = Release|Any CPU
		{38A80ADE-EDD4-4870-BB08-5B526AD7AFCC}.AppStore|x86.Build.0 = Release|Any CPU
		{38A80ADE-EDD4-4870-BB08-5B526AD7AFCC}.Debug|Any CPU.ActiveCfg = Debug|Any CPU
		{38A80ADE-EDD4-4870-BB08-5B526AD7AFCC}.Debug|Any CPU.Build.0 = Debug|Any CPU
		{38A80ADE-EDD4-4870-BB08-5B526AD7AFCC}.Debug|ARM.ActiveCfg = Debug|Any CPU
		{38A80ADE-EDD4-4870-BB08-5B526AD7AFCC}.Debug|ARM.Build.0 = Debug|Any CPU
		{38A80ADE-EDD4-4870-BB08-5B526AD7AFCC}.Debug|iPhone.ActiveCfg = Debug|Any CPU
		{38A80ADE-EDD4-4870-BB08-5B526AD7AFCC}.Debug|iPhone.Build.0 = Debug|Any CPU
		{38A80ADE-EDD4-4870-BB08-5B526AD7AFCC}.Debug|iPhoneSimulator.ActiveCfg = Debug|Any CPU
		{38A80ADE-EDD4-4870-BB08-5B526AD7AFCC}.Debug|iPhoneSimulator.Build.0 = Debug|Any CPU
		{38A80ADE-EDD4-4870-BB08-5B526AD7AFCC}.Debug|x64.ActiveCfg = Debug|Any CPU
		{38A80ADE-EDD4-4870-BB08-5B526AD7AFCC}.Debug|x64.Build.0 = Debug|Any CPU
		{38A80ADE-EDD4-4870-BB08-5B526AD7AFCC}.Debug|x86.ActiveCfg = Debug|Any CPU
		{38A80ADE-EDD4-4870-BB08-5B526AD7AFCC}.Debug|x86.Build.0 = Debug|Any CPU
		{38A80ADE-EDD4-4870-BB08-5B526AD7AFCC}.Release|Any CPU.ActiveCfg = Release|Any CPU
		{38A80ADE-EDD4-4870-BB08-5B526AD7AFCC}.Release|Any CPU.Build.0 = Release|Any CPU
		{38A80ADE-EDD4-4870-BB08-5B526AD7AFCC}.Release|ARM.ActiveCfg = Release|Any CPU
		{38A80ADE-EDD4-4870-BB08-5B526AD7AFCC}.Release|ARM.Build.0 = Release|Any CPU
		{38A80ADE-EDD4-4870-BB08-5B526AD7AFCC}.Release|iPhone.ActiveCfg = Release|Any CPU
		{38A80ADE-EDD4-4870-BB08-5B526AD7AFCC}.Release|iPhone.Build.0 = Release|Any CPU
		{38A80ADE-EDD4-4870-BB08-5B526AD7AFCC}.Release|iPhoneSimulator.ActiveCfg = Release|Any CPU
		{38A80ADE-EDD4-4870-BB08-5B526AD7AFCC}.Release|iPhoneSimulator.Build.0 = Release|Any CPU
		{38A80ADE-EDD4-4870-BB08-5B526AD7AFCC}.Release|x64.ActiveCfg = Release|Any CPU
		{38A80ADE-EDD4-4870-BB08-5B526AD7AFCC}.Release|x64.Build.0 = Release|Any CPU
		{38A80ADE-EDD4-4870-BB08-5B526AD7AFCC}.Release|x86.ActiveCfg = Release|Any CPU
		{38A80ADE-EDD4-4870-BB08-5B526AD7AFCC}.Release|x86.Build.0 = Release|Any CPU
		{CA6BAF04-A0DE-48C3-AD20-CFE7B26725CE}.Ad-Hoc|Any CPU.ActiveCfg = Release|Any CPU
		{CA6BAF04-A0DE-48C3-AD20-CFE7B26725CE}.Ad-Hoc|Any CPU.Build.0 = Release|Any CPU
		{CA6BAF04-A0DE-48C3-AD20-CFE7B26725CE}.Ad-Hoc|ARM.ActiveCfg = Release|Any CPU
		{CA6BAF04-A0DE-48C3-AD20-CFE7B26725CE}.Ad-Hoc|ARM.Build.0 = Release|Any CPU
		{CA6BAF04-A0DE-48C3-AD20-CFE7B26725CE}.Ad-Hoc|iPhone.ActiveCfg = Release|Any CPU
		{CA6BAF04-A0DE-48C3-AD20-CFE7B26725CE}.Ad-Hoc|iPhone.Build.0 = Release|Any CPU
		{CA6BAF04-A0DE-48C3-AD20-CFE7B26725CE}.Ad-Hoc|iPhoneSimulator.ActiveCfg = Release|Any CPU
		{CA6BAF04-A0DE-48C3-AD20-CFE7B26725CE}.Ad-Hoc|iPhoneSimulator.Build.0 = Release|Any CPU
		{CA6BAF04-A0DE-48C3-AD20-CFE7B26725CE}.Ad-Hoc|x64.ActiveCfg = Release|Any CPU
		{CA6BAF04-A0DE-48C3-AD20-CFE7B26725CE}.Ad-Hoc|x64.Build.0 = Release|Any CPU
		{CA6BAF04-A0DE-48C3-AD20-CFE7B26725CE}.Ad-Hoc|x86.ActiveCfg = Release|Any CPU
		{CA6BAF04-A0DE-48C3-AD20-CFE7B26725CE}.Ad-Hoc|x86.Build.0 = Release|Any CPU
		{CA6BAF04-A0DE-48C3-AD20-CFE7B26725CE}.AppStore|Any CPU.ActiveCfg = Release|Any CPU
		{CA6BAF04-A0DE-48C3-AD20-CFE7B26725CE}.AppStore|Any CPU.Build.0 = Release|Any CPU
		{CA6BAF04-A0DE-48C3-AD20-CFE7B26725CE}.AppStore|ARM.ActiveCfg = Release|Any CPU
		{CA6BAF04-A0DE-48C3-AD20-CFE7B26725CE}.AppStore|ARM.Build.0 = Release|Any CPU
		{CA6BAF04-A0DE-48C3-AD20-CFE7B26725CE}.AppStore|iPhone.ActiveCfg = Release|Any CPU
		{CA6BAF04-A0DE-48C3-AD20-CFE7B26725CE}.AppStore|iPhone.Build.0 = Release|Any CPU
		{CA6BAF04-A0DE-48C3-AD20-CFE7B26725CE}.AppStore|iPhoneSimulator.ActiveCfg = Release|Any CPU
		{CA6BAF04-A0DE-48C3-AD20-CFE7B26725CE}.AppStore|iPhoneSimulator.Build.0 = Release|Any CPU
		{CA6BAF04-A0DE-48C3-AD20-CFE7B26725CE}.AppStore|x64.ActiveCfg = Release|Any CPU
		{CA6BAF04-A0DE-48C3-AD20-CFE7B26725CE}.AppStore|x64.Build.0 = Release|Any CPU
		{CA6BAF04-A0DE-48C3-AD20-CFE7B26725CE}.AppStore|x86.ActiveCfg = Release|Any CPU
		{CA6BAF04-A0DE-48C3-AD20-CFE7B26725CE}.AppStore|x86.Build.0 = Release|Any CPU
		{CA6BAF04-A0DE-48C3-AD20-CFE7B26725CE}.Debug|Any CPU.ActiveCfg = Debug|Any CPU
		{CA6BAF04-A0DE-48C3-AD20-CFE7B26725CE}.Debug|Any CPU.Build.0 = Debug|Any CPU
		{CA6BAF04-A0DE-48C3-AD20-CFE7B26725CE}.Debug|ARM.ActiveCfg = Debug|Any CPU
		{CA6BAF04-A0DE-48C3-AD20-CFE7B26725CE}.Debug|ARM.Build.0 = Debug|Any CPU
		{CA6BAF04-A0DE-48C3-AD20-CFE7B26725CE}.Debug|iPhone.ActiveCfg = Debug|Any CPU
		{CA6BAF04-A0DE-48C3-AD20-CFE7B26725CE}.Debug|iPhone.Build.0 = Debug|Any CPU
		{CA6BAF04-A0DE-48C3-AD20-CFE7B26725CE}.Debug|iPhoneSimulator.ActiveCfg = Debug|Any CPU
		{CA6BAF04-A0DE-48C3-AD20-CFE7B26725CE}.Debug|iPhoneSimulator.Build.0 = Debug|Any CPU
		{CA6BAF04-A0DE-48C3-AD20-CFE7B26725CE}.Debug|x64.ActiveCfg = Debug|Any CPU
		{CA6BAF04-A0DE-48C3-AD20-CFE7B26725CE}.Debug|x64.Build.0 = Debug|Any CPU
		{CA6BAF04-A0DE-48C3-AD20-CFE7B26725CE}.Debug|x86.ActiveCfg = Debug|Any CPU
		{CA6BAF04-A0DE-48C3-AD20-CFE7B26725CE}.Debug|x86.Build.0 = Debug|Any CPU
		{CA6BAF04-A0DE-48C3-AD20-CFE7B26725CE}.Release|Any CPU.ActiveCfg = Release|Any CPU
		{CA6BAF04-A0DE-48C3-AD20-CFE7B26725CE}.Release|Any CPU.Build.0 = Release|Any CPU
		{CA6BAF04-A0DE-48C3-AD20-CFE7B26725CE}.Release|ARM.ActiveCfg = Release|Any CPU
		{CA6BAF04-A0DE-48C3-AD20-CFE7B26725CE}.Release|ARM.Build.0 = Release|Any CPU
		{CA6BAF04-A0DE-48C3-AD20-CFE7B26725CE}.Release|iPhone.ActiveCfg = Release|Any CPU
		{CA6BAF04-A0DE-48C3-AD20-CFE7B26725CE}.Release|iPhone.Build.0 = Release|Any CPU
		{CA6BAF04-A0DE-48C3-AD20-CFE7B26725CE}.Release|iPhoneSimulator.ActiveCfg = Release|Any CPU
		{CA6BAF04-A0DE-48C3-AD20-CFE7B26725CE}.Release|iPhoneSimulator.Build.0 = Release|Any CPU
		{CA6BAF04-A0DE-48C3-AD20-CFE7B26725CE}.Release|x64.ActiveCfg = Release|Any CPU
		{CA6BAF04-A0DE-48C3-AD20-CFE7B26725CE}.Release|x64.Build.0 = Release|Any CPU
		{CA6BAF04-A0DE-48C3-AD20-CFE7B26725CE}.Release|x86.ActiveCfg = Release|Any CPU
		{CA6BAF04-A0DE-48C3-AD20-CFE7B26725CE}.Release|x86.Build.0 = Release|Any CPU
	EndGlobalSection
	GlobalSection(SolutionProperties) = preSolution
		HideSolutionNode = FALSE
	EndGlobalSection
	GlobalSection(NestedProjects) = preSolution
		{5BF047D9-51A0-495F-AFA4-CCF9BE51EA90} = {EFBEF8DF-C886-44F9-A3EE-766865492D5D}
		{1A1B1F67-CCA5-40DA-9F2F-60CE49D39BA1} = {EFBEF8DF-C886-44F9-A3EE-766865492D5D}
		{46BE03C7-9C18-43CC-A797-1089D2CB0081} = {EFBEF8DF-C886-44F9-A3EE-766865492D5D}
		{4FCFCDF4-F401-42D6-A4F3-E2A76CFA4C09} = {EFBEF8DF-C886-44F9-A3EE-766865492D5D}
		{DF04F9C0-89F1-4867-A9A3-C02BD3222C9C} = {D51FB717-056F-4AEA-ACCB-8AC005C00AAF}
		{1A21C143-16D8-49A1-8AA8-0ECC4819EF58} = {D51FB717-056F-4AEA-ACCB-8AC005C00AAF}
		{D5318FFF-5BB1-4598-ABBC-096F3F7C228C} = {DC73E8C0-A7FC-47C4-9759-C299137C38BF}
		{50EC4A88-C2DE-4757-9DBB-F2FF9DD0CF8E} = {DC73E8C0-A7FC-47C4-9759-C299137C38BF}
		{38A80ADE-EDD4-4870-BB08-5B526AD7AFCC} = {DC73E8C0-A7FC-47C4-9759-C299137C38BF}
		{CA6BAF04-A0DE-48C3-AD20-CFE7B26725CE} = {DC73E8C0-A7FC-47C4-9759-C299137C38BF}
	EndGlobalSection
	GlobalSection(ExtensibilityGlobals) = postSolution
		SolutionGuid = {E52341B4-0FEE-47D8-BB93-9F8650EBC7A7}
	EndGlobalSection
EndGlobal
