
Microsoft Visual Studio Solution File, Format Version 12.00
# Visual Studio 15
VisualStudioVersion = 15.0.27703.2047
MinimumVisualStudioVersion = 10.0.40219.1
Project("{2150E333-8FDC-42A3-9474-1A3956D46DE8}") = "Apps", "Apps", "{0FB9DD27-266F-48FD-A70C-AAE5AC7DB933}"
EndProject
Project("{2150E333-8FDC-42A3-9474-1A3956D46DE8}") = "Libraries", "Libraries", "{A4737415-D49A-4B81-98E0-29D310247CE4}"
EndProject
Project("{2150E333-8FDC-42A3-9474-1A3956D46DE8}") = "Tests", "Tests", "{DE0B9608-BB4B-4534-91AD-B5CAB55A3EAA}"
EndProject
Project("{9A19103F-16F7-4668-BE54-9A1E7A4F7556}") = "MvxForms.Starter.Services", "MvxForms.Starter.Services\MvxForms.Starter.Services.csproj", "{E4E93122-6FA3-45D0-91FD-CE60D7A0E57B}"
EndProject
Project("{9A19103F-16F7-4668-BE54-9A1E7A4F7556}") = "MvxForms.Starter.ViewModels", "MvxForms.Starter.ViewModels\MvxForms.Starter.ViewModels.csproj", "{AF3BD2D3-C66D-46B1-9EC5-3E6332E1413D}"
EndProject
Project("{FAE04EC0-301F-11D3-BF4B-00C04F79EFBC}") = "MvxForms.Starter.App.iOS", "MvxForms.Starter.App\MvxForms.Starter.App.iOS\MvxForms.Starter.App.iOS.csproj", "{2916CDEF-F71B-4FC6-9E0B-CBC1F80E9424}"
EndProject
Project("{FAE04EC0-301F-11D3-BF4B-00C04F79EFBC}") = "MvxForms.Starter.App.UWP", "MvxForms.Starter.App\MvxForms.Starter.App.UWP\MvxForms.Starter.App.UWP.csproj", "{1028BBDF-E359-42E4-A8DD-E7D90092082B}"
EndProject
Project("{9A19103F-16F7-4668-BE54-9A1E7A4F7556}") = "MvxForms.Starter.App", "MvxForms.Starter.App\MvxForms.Starter.App\MvxForms.Starter.App.csproj", "{CB947511-DE39-4966-BB30-8EACD18A6BAD}"
EndProject
Project("{FAE04EC0-301F-11D3-BF4B-00C04F79EFBC}") = "MvxForms.Starter.App.Android", "MvxForms.Starter.App\MvxForms.Starter.App.Android\MvxForms.Starter.App.Android.csproj", "{11003BD5-D416-4F31-8F77-81F73E4496B1}"
EndProject
Project("{FAE04EC0-301F-11D3-BF4B-00C04F79EFBC}") = "MvxForms.Starter.App.WPF", "MvxForms.Starter.App\MvxForms.Starter.App.WPF\MvxForms.Starter.App.WPF.csproj", "{A11B0A1B-3C89-47D7-9E6F-B0F0739661DC}"
EndProject
Project("{FAE04EC0-301F-11D3-BF4B-00C04F79EFBC}") = "MvxForms.Starter.Tests.Unit.Services", "MvxForms.Starter.Tests.Unit.Services\MvxForms.Starter.Tests.Unit.Services.csproj", "{DEDA9490-A14A-4145-9BD1-CB1A018AC1A6}"
EndProject
Project("{FAE04EC0-301F-11D3-BF4B-00C04F79EFBC}") = "MvxForms.Starter.Tests.Unit.ViewModels", "MvxForms.Starter.Tests.Unit.ViewModels\MvxForms.Starter.Tests.Unit.ViewModels.csproj", "{7DAA4A5B-5DD3-43A8-AD37-0B57FD025250}"
EndProject
Project("{FAE04EC0-301F-11D3-BF4B-00C04F79EFBC}") = "MvxForms.Starter.Tests.UI", "MvxForms.Starter.Tests.UI.Android\MvxForms.Starter.Tests.UI.csproj", "{B19C892E-2628-4CA7-AD27-08D406A3B14B}"
EndProject
Global
	GlobalSection(SolutionConfigurationPlatforms) = preSolution
		Ad-Hoc|Any CPU = Ad-Hoc|Any CPU
		Ad-Hoc|ARM = Ad-Hoc|ARM
		Ad-Hoc|iPhone = Ad-Hoc|iPhone
		Ad-Hoc|iPhoneSimulator = Ad-Hoc|iPhoneSimulator
		Ad-Hoc|x64 = Ad-Hoc|x64
		Ad-Hoc|x86 = Ad-Hoc|x86
		AppStore|Any CPU = AppStore|Any CPU
		AppStore|ARM = AppStore|ARM
		AppStore|iPhone = AppStore|iPhone
		AppStore|iPhoneSimulator = AppStore|iPhoneSimulator
		AppStore|x64 = AppStore|x64
		AppStore|x86 = AppStore|x86
		Debug|Any CPU = Debug|Any CPU
		Debug|ARM = Debug|ARM
		Debug|iPhone = Debug|iPhone
		Debug|iPhoneSimulator = Debug|iPhoneSimulator
		Debug|x64 = Debug|x64
		Debug|x86 = Debug|x86
		Release|Any CPU = Release|Any CPU
		Release|ARM = Release|ARM
		Release|iPhone = Release|iPhone
		Release|iPhoneSimulator = Release|iPhoneSimulator
		Release|x64 = Release|x64
		Release|x86 = Release|x86
	EndGlobalSection
	GlobalSection(ProjectConfigurationPlatforms) = postSolution
		{E4E93122-6FA3-45D0-91FD-CE60D7A0E57B}.Ad-Hoc|Any CPU.ActiveCfg = Debug|Any CPU
		{E4E93122-6FA3-45D0-91FD-CE60D7A0E57B}.Ad-Hoc|Any CPU.Build.0 = Debug|Any CPU
		{E4E93122-6FA3-45D0-91FD-CE60D7A0E57B}.Ad-Hoc|ARM.ActiveCfg = Debug|Any CPU
		{E4E93122-6FA3-45D0-91FD-CE60D7A0E57B}.Ad-Hoc|ARM.Build.0 = Debug|Any CPU
		{E4E93122-6FA3-45D0-91FD-CE60D7A0E57B}.Ad-Hoc|iPhone.ActiveCfg = Debug|Any CPU
		{E4E93122-6FA3-45D0-91FD-CE60D7A0E57B}.Ad-Hoc|iPhone.Build.0 = Debug|Any CPU
		{E4E93122-6FA3-45D0-91FD-CE60D7A0E57B}.Ad-Hoc|iPhoneSimulator.ActiveCfg = Debug|Any CPU
		{E4E93122-6FA3-45D0-91FD-CE60D7A0E57B}.Ad-Hoc|iPhoneSimulator.Build.0 = Debug|Any CPU
		{E4E93122-6FA3-45D0-91FD-CE60D7A0E57B}.Ad-Hoc|x64.ActiveCfg = Debug|Any CPU
		{E4E93122-6FA3-45D0-91FD-CE60D7A0E57B}.Ad-Hoc|x64.Build.0 = Debug|Any CPU
		{E4E93122-6FA3-45D0-91FD-CE60D7A0E57B}.Ad-Hoc|x86.ActiveCfg = Debug|Any CPU
		{E4E93122-6FA3-45D0-91FD-CE60D7A0E57B}.Ad-Hoc|x86.Build.0 = Debug|Any CPU
		{E4E93122-6FA3-45D0-91FD-CE60D7A0E57B}.AppStore|Any CPU.ActiveCfg = Debug|Any CPU
		{E4E93122-6FA3-45D0-91FD-CE60D7A0E57B}.AppStore|Any CPU.Build.0 = Debug|Any CPU
		{E4E93122-6FA3-45D0-91FD-CE60D7A0E57B}.AppStore|ARM.ActiveCfg = Debug|Any CPU
		{E4E93122-6FA3-45D0-91FD-CE60D7A0E57B}.AppStore|ARM.Build.0 = Debug|Any CPU
		{E4E93122-6FA3-45D0-91FD-CE60D7A0E57B}.AppStore|iPhone.ActiveCfg = Debug|Any CPU
		{E4E93122-6FA3-45D0-91FD-CE60D7A0E57B}.AppStore|iPhone.Build.0 = Debug|Any CPU
		{E4E93122-6FA3-45D0-91FD-CE60D7A0E57B}.AppStore|iPhoneSimulator.ActiveCfg = Debug|Any CPU
		{E4E93122-6FA3-45D0-91FD-CE60D7A0E57B}.AppStore|iPhoneSimulator.Build.0 = Debug|Any CPU
		{E4E93122-6FA3-45D0-91FD-CE60D7A0E57B}.AppStore|x64.ActiveCfg = Debug|Any CPU
		{E4E93122-6FA3-45D0-91FD-CE60D7A0E57B}.AppStore|x64.Build.0 = Debug|Any CPU
		{E4E93122-6FA3-45D0-91FD-CE60D7A0E57B}.AppStore|x86.ActiveCfg = Debug|Any CPU
		{E4E93122-6FA3-45D0-91FD-CE60D7A0E57B}.AppStore|x86.Build.0 = Debug|Any CPU
		{E4E93122-6FA3-45D0-91FD-CE60D7A0E57B}.Debug|Any CPU.ActiveCfg = Debug|Any CPU
		{E4E93122-6FA3-45D0-91FD-CE60D7A0E57B}.Debug|Any CPU.Build.0 = Debug|Any CPU
		{E4E93122-6FA3-45D0-91FD-CE60D7A0E57B}.Debug|ARM.ActiveCfg = Debug|Any CPU
		{E4E93122-6FA3-45D0-91FD-CE60D7A0E57B}.Debug|ARM.Build.0 = Debug|Any CPU
		{E4E93122-6FA3-45D0-91FD-CE60D7A0E57B}.Debug|iPhone.ActiveCfg = Debug|Any CPU
		{E4E93122-6FA3-45D0-91FD-CE60D7A0E57B}.Debug|iPhone.Build.0 = Debug|Any CPU
		{E4E93122-6FA3-45D0-91FD-CE60D7A0E57B}.Debug|iPhoneSimulator.ActiveCfg = Debug|Any CPU
		{E4E93122-6FA3-45D0-91FD-CE60D7A0E57B}.Debug|iPhoneSimulator.Build.0 = Debug|Any CPU
		{E4E93122-6FA3-45D0-91FD-CE60D7A0E57B}.Debug|x64.ActiveCfg = Debug|Any CPU
		{E4E93122-6FA3-45D0-91FD-CE60D7A0E57B}.Debug|x64.Build.0 = Debug|Any CPU
		{E4E93122-6FA3-45D0-91FD-CE60D7A0E57B}.Debug|x86.ActiveCfg = Debug|Any CPU
		{E4E93122-6FA3-45D0-91FD-CE60D7A0E57B}.Debug|x86.Build.0 = Debug|Any CPU
		{E4E93122-6FA3-45D0-91FD-CE60D7A0E57B}.Release|Any CPU.ActiveCfg = Release|Any CPU
		{E4E93122-6FA3-45D0-91FD-CE60D7A0E57B}.Release|Any CPU.Build.0 = Release|Any CPU
		{E4E93122-6FA3-45D0-91FD-CE60D7A0E57B}.Release|ARM.ActiveCfg = Release|Any CPU
		{E4E93122-6FA3-45D0-91FD-CE60D7A0E57B}.Release|ARM.Build.0 = Release|Any CPU
		{E4E93122-6FA3-45D0-91FD-CE60D7A0E57B}.Release|iPhone.ActiveCfg = Release|Any CPU
		{E4E93122-6FA3-45D0-91FD-CE60D7A0E57B}.Release|iPhone.Build.0 = Release|Any CPU
		{E4E93122-6FA3-45D0-91FD-CE60D7A0E57B}.Release|iPhoneSimulator.ActiveCfg = Release|Any CPU
		{E4E93122-6FA3-45D0-91FD-CE60D7A0E57B}.Release|iPhoneSimulator.Build.0 = Release|Any CPU
		{E4E93122-6FA3-45D0-91FD-CE60D7A0E57B}.Release|x64.ActiveCfg = Release|Any CPU
		{E4E93122-6FA3-45D0-91FD-CE60D7A0E57B}.Release|x64.Build.0 = Release|Any CPU
		{E4E93122-6FA3-45D0-91FD-CE60D7A0E57B}.Release|x86.ActiveCfg = Release|Any CPU
		{E4E93122-6FA3-45D0-91FD-CE60D7A0E57B}.Release|x86.Build.0 = Release|Any CPU
		{AF3BD2D3-C66D-46B1-9EC5-3E6332E1413D}.Ad-Hoc|Any CPU.ActiveCfg = Debug|Any CPU
		{AF3BD2D3-C66D-46B1-9EC5-3E6332E1413D}.Ad-Hoc|Any CPU.Build.0 = Debug|Any CPU
		{AF3BD2D3-C66D-46B1-9EC5-3E6332E1413D}.Ad-Hoc|ARM.ActiveCfg = Debug|Any CPU
		{AF3BD2D3-C66D-46B1-9EC5-3E6332E1413D}.Ad-Hoc|ARM.Build.0 = Debug|Any CPU
		{AF3BD2D3-C66D-46B1-9EC5-3E6332E1413D}.Ad-Hoc|iPhone.ActiveCfg = Debug|Any CPU
		{AF3BD2D3-C66D-46B1-9EC5-3E6332E1413D}.Ad-Hoc|iPhone.Build.0 = Debug|Any CPU
		{AF3BD2D3-C66D-46B1-9EC5-3E6332E1413D}.Ad-Hoc|iPhoneSimulator.ActiveCfg = Debug|Any CPU
		{AF3BD2D3-C66D-46B1-9EC5-3E6332E1413D}.Ad-Hoc|iPhoneSimulator.Build.0 = Debug|Any CPU
		{AF3BD2D3-C66D-46B1-9EC5-3E6332E1413D}.Ad-Hoc|x64.ActiveCfg = Debug|Any CPU
		{AF3BD2D3-C66D-46B1-9EC5-3E6332E1413D}.Ad-Hoc|x64.Build.0 = Debug|Any CPU
		{AF3BD2D3-C66D-46B1-9EC5-3E6332E1413D}.Ad-Hoc|x86.ActiveCfg = Debug|Any CPU
		{AF3BD2D3-C66D-46B1-9EC5-3E6332E1413D}.Ad-Hoc|x86.Build.0 = Debug|Any CPU
		{AF3BD2D3-C66D-46B1-9EC5-3E6332E1413D}.AppStore|Any CPU.ActiveCfg = Debug|Any CPU
		{AF3BD2D3-C66D-46B1-9EC5-3E6332E1413D}.AppStore|Any CPU.Build.0 = Debug|Any CPU
		{AF3BD2D3-C66D-46B1-9EC5-3E6332E1413D}.AppStore|ARM.ActiveCfg = Debug|Any CPU
		{AF3BD2D3-C66D-46B1-9EC5-3E6332E1413D}.AppStore|ARM.Build.0 = Debug|Any CPU
		{AF3BD2D3-C66D-46B1-9EC5-3E6332E1413D}.AppStore|iPhone.ActiveCfg = Debug|Any CPU
		{AF3BD2D3-C66D-46B1-9EC5-3E6332E1413D}.AppStore|iPhone.Build.0 = Debug|Any CPU
		{AF3BD2D3-C66D-46B1-9EC5-3E6332E1413D}.AppStore|iPhoneSimulator.ActiveCfg = Debug|Any CPU
		{AF3BD2D3-C66D-46B1-9EC5-3E6332E1413D}.AppStore|iPhoneSimulator.Build.0 = Debug|Any CPU
		{AF3BD2D3-C66D-46B1-9EC5-3E6332E1413D}.AppStore|x64.ActiveCfg = Debug|Any CPU
		{AF3BD2D3-C66D-46B1-9EC5-3E6332E1413D}.AppStore|x64.Build.0 = Debug|Any CPU
		{AF3BD2D3-C66D-46B1-9EC5-3E6332E1413D}.AppStore|x86.ActiveCfg = Debug|Any CPU
		{AF3BD2D3-C66D-46B1-9EC5-3E6332E1413D}.AppStore|x86.Build.0 = Debug|Any CPU
		{AF3BD2D3-C66D-46B1-9EC5-3E6332E1413D}.Debug|Any CPU.ActiveCfg = Debug|Any CPU
		{AF3BD2D3-C66D-46B1-9EC5-3E6332E1413D}.Debug|Any CPU.Build.0 = Debug|Any CPU
		{AF3BD2D3-C66D-46B1-9EC5-3E6332E1413D}.Debug|ARM.ActiveCfg = Debug|Any CPU
		{AF3BD2D3-C66D-46B1-9EC5-3E6332E1413D}.Debug|ARM.Build.0 = Debug|Any CPU
		{AF3BD2D3-C66D-46B1-9EC5-3E6332E1413D}.Debug|iPhone.ActiveCfg = Debug|Any CPU
		{AF3BD2D3-C66D-46B1-9EC5-3E6332E1413D}.Debug|iPhone.Build.0 = Debug|Any CPU
		{AF3BD2D3-C66D-46B1-9EC5-3E6332E1413D}.Debug|iPhoneSimulator.ActiveCfg = Debug|Any CPU
		{AF3BD2D3-C66D-46B1-9EC5-3E6332E1413D}.Debug|iPhoneSimulator.Build.0 = Debug|Any CPU
		{AF3BD2D3-C66D-46B1-9EC5-3E6332E1413D}.Debug|x64.ActiveCfg = Debug|Any CPU
		{AF3BD2D3-C66D-46B1-9EC5-3E6332E1413D}.Debug|x64.Build.0 = Debug|Any CPU
		{AF3BD2D3-C66D-46B1-9EC5-3E6332E1413D}.Debug|x86.ActiveCfg = Debug|Any CPU
		{AF3BD2D3-C66D-46B1-9EC5-3E6332E1413D}.Debug|x86.Build.0 = Debug|Any CPU
		{AF3BD2D3-C66D-46B1-9EC5-3E6332E1413D}.Release|Any CPU.ActiveCfg = Release|Any CPU
		{AF3BD2D3-C66D-46B1-9EC5-3E6332E1413D}.Release|Any CPU.Build.0 = Release|Any CPU
		{AF3BD2D3-C66D-46B1-9EC5-3E6332E1413D}.Release|ARM.ActiveCfg = Release|Any CPU
		{AF3BD2D3-C66D-46B1-9EC5-3E6332E1413D}.Release|ARM.Build.0 = Release|Any CPU
		{AF3BD2D3-C66D-46B1-9EC5-3E6332E1413D}.Release|iPhone.ActiveCfg = Release|Any CPU
		{AF3BD2D3-C66D-46B1-9EC5-3E6332E1413D}.Release|iPhone.Build.0 = Release|Any CPU
		{AF3BD2D3-C66D-46B1-9EC5-3E6332E1413D}.Release|iPhoneSimulator.ActiveCfg = Release|Any CPU
		{AF3BD2D3-C66D-46B1-9EC5-3E6332E1413D}.Release|iPhoneSimulator.Build.0 = Release|Any CPU
		{AF3BD2D3-C66D-46B1-9EC5-3E6332E1413D}.Release|x64.ActiveCfg = Release|Any CPU
		{AF3BD2D3-C66D-46B1-9EC5-3E6332E1413D}.Release|x64.Build.0 = Release|Any CPU
		{AF3BD2D3-C66D-46B1-9EC5-3E6332E1413D}.Release|x86.ActiveCfg = Release|Any CPU
		{AF3BD2D3-C66D-46B1-9EC5-3E6332E1413D}.Release|x86.Build.0 = Release|Any CPU
		{2916CDEF-F71B-4FC6-9E0B-CBC1F80E9424}.Ad-Hoc|Any CPU.ActiveCfg = Ad-Hoc|iPhone
		{2916CDEF-F71B-4FC6-9E0B-CBC1F80E9424}.Ad-Hoc|ARM.ActiveCfg = Ad-Hoc|iPhone
		{2916CDEF-F71B-4FC6-9E0B-CBC1F80E9424}.Ad-Hoc|iPhone.ActiveCfg = Ad-Hoc|iPhone
		{2916CDEF-F71B-4FC6-9E0B-CBC1F80E9424}.Ad-Hoc|iPhone.Build.0 = Ad-Hoc|iPhone
		{2916CDEF-F71B-4FC6-9E0B-CBC1F80E9424}.Ad-Hoc|iPhoneSimulator.ActiveCfg = Ad-Hoc|iPhoneSimulator
		{2916CDEF-F71B-4FC6-9E0B-CBC1F80E9424}.Ad-Hoc|iPhoneSimulator.Build.0 = Ad-Hoc|iPhoneSimulator
		{2916CDEF-F71B-4FC6-9E0B-CBC1F80E9424}.Ad-Hoc|x64.ActiveCfg = Ad-Hoc|iPhone
		{2916CDEF-F71B-4FC6-9E0B-CBC1F80E9424}.Ad-Hoc|x86.ActiveCfg = Ad-Hoc|iPhone
		{2916CDEF-F71B-4FC6-9E0B-CBC1F80E9424}.AppStore|Any CPU.ActiveCfg = AppStore|iPhone
		{2916CDEF-F71B-4FC6-9E0B-CBC1F80E9424}.AppStore|ARM.ActiveCfg = AppStore|iPhone
		{2916CDEF-F71B-4FC6-9E0B-CBC1F80E9424}.AppStore|iPhone.ActiveCfg = AppStore|iPhone
		{2916CDEF-F71B-4FC6-9E0B-CBC1F80E9424}.AppStore|iPhone.Build.0 = AppStore|iPhone
		{2916CDEF-F71B-4FC6-9E0B-CBC1F80E9424}.AppStore|iPhoneSimulator.ActiveCfg = AppStore|iPhoneSimulator
		{2916CDEF-F71B-4FC6-9E0B-CBC1F80E9424}.AppStore|iPhoneSimulator.Build.0 = AppStore|iPhoneSimulator
		{2916CDEF-F71B-4FC6-9E0B-CBC1F80E9424}.AppStore|x64.ActiveCfg = AppStore|iPhone
		{2916CDEF-F71B-4FC6-9E0B-CBC1F80E9424}.AppStore|x86.ActiveCfg = AppStore|iPhone
		{2916CDEF-F71B-4FC6-9E0B-CBC1F80E9424}.Debug|Any CPU.ActiveCfg = Debug|iPhone
		{2916CDEF-F71B-4FC6-9E0B-CBC1F80E9424}.Debug|Any CPU.Build.0 = Debug|iPhone
		{2916CDEF-F71B-4FC6-9E0B-CBC1F80E9424}.Debug|ARM.ActiveCfg = Debug|iPhone
		{2916CDEF-F71B-4FC6-9E0B-CBC1F80E9424}.Debug|iPhone.ActiveCfg = Debug|iPhone
		{2916CDEF-F71B-4FC6-9E0B-CBC1F80E9424}.Debug|iPhone.Build.0 = Debug|iPhone
		{2916CDEF-F71B-4FC6-9E0B-CBC1F80E9424}.Debug|iPhoneSimulator.ActiveCfg = Debug|iPhoneSimulator
		{2916CDEF-F71B-4FC6-9E0B-CBC1F80E9424}.Debug|iPhoneSimulator.Build.0 = Debug|iPhoneSimulator
		{2916CDEF-F71B-4FC6-9E0B-CBC1F80E9424}.Debug|x64.ActiveCfg = Debug|iPhone
		{2916CDEF-F71B-4FC6-9E0B-CBC1F80E9424}.Debug|x86.ActiveCfg = Debug|iPhone
		{2916CDEF-F71B-4FC6-9E0B-CBC1F80E9424}.Release|Any CPU.ActiveCfg = Release|iPhone
		{2916CDEF-F71B-4FC6-9E0B-CBC1F80E9424}.Release|ARM.ActiveCfg = Release|iPhone
		{2916CDEF-F71B-4FC6-9E0B-CBC1F80E9424}.Release|iPhone.ActiveCfg = Release|iPhone
		{2916CDEF-F71B-4FC6-9E0B-CBC1F80E9424}.Release|iPhone.Build.0 = Release|iPhone
		{2916CDEF-F71B-4FC6-9E0B-CBC1F80E9424}.Release|iPhoneSimulator.ActiveCfg = Release|iPhoneSimulator
		{2916CDEF-F71B-4FC6-9E0B-CBC1F80E9424}.Release|iPhoneSimulator.Build.0 = Release|iPhoneSimulator
		{2916CDEF-F71B-4FC6-9E0B-CBC1F80E9424}.Release|x64.ActiveCfg = Release|iPhone
		{2916CDEF-F71B-4FC6-9E0B-CBC1F80E9424}.Release|x86.ActiveCfg = Release|iPhone
		{1028BBDF-E359-42E4-A8DD-E7D90092082B}.Ad-Hoc|Any CPU.ActiveCfg = Release|x86
		{1028BBDF-E359-42E4-A8DD-E7D90092082B}.Ad-Hoc|Any CPU.Build.0 = Release|x86
		{1028BBDF-E359-42E4-A8DD-E7D90092082B}.Ad-Hoc|Any CPU.Deploy.0 = Release|x86
		{1028BBDF-E359-42E4-A8DD-E7D90092082B}.Ad-Hoc|ARM.ActiveCfg = Release|ARM
		{1028BBDF-E359-42E4-A8DD-E7D90092082B}.Ad-Hoc|ARM.Build.0 = Release|ARM
		{1028BBDF-E359-42E4-A8DD-E7D90092082B}.Ad-Hoc|ARM.Deploy.0 = Release|ARM
		{1028BBDF-E359-42E4-A8DD-E7D90092082B}.Ad-Hoc|iPhone.ActiveCfg = Release|x86
		{1028BBDF-E359-42E4-A8DD-E7D90092082B}.Ad-Hoc|iPhone.Build.0 = Release|x86
		{1028BBDF-E359-42E4-A8DD-E7D90092082B}.Ad-Hoc|iPhone.Deploy.0 = Release|x86
		{1028BBDF-E359-42E4-A8DD-E7D90092082B}.Ad-Hoc|iPhoneSimulator.ActiveCfg = Release|x86
		{1028BBDF-E359-42E4-A8DD-E7D90092082B}.Ad-Hoc|iPhoneSimulator.Build.0 = Release|x86
		{1028BBDF-E359-42E4-A8DD-E7D90092082B}.Ad-Hoc|iPhoneSimulator.Deploy.0 = Release|x86
		{1028BBDF-E359-42E4-A8DD-E7D90092082B}.Ad-Hoc|x64.ActiveCfg = Release|x64
		{1028BBDF-E359-42E4-A8DD-E7D90092082B}.Ad-Hoc|x64.Build.0 = Release|x64
		{1028BBDF-E359-42E4-A8DD-E7D90092082B}.Ad-Hoc|x64.Deploy.0 = Release|x64
		{1028BBDF-E359-42E4-A8DD-E7D90092082B}.Ad-Hoc|x86.ActiveCfg = Release|x86
		{1028BBDF-E359-42E4-A8DD-E7D90092082B}.Ad-Hoc|x86.Build.0 = Release|x86
		{1028BBDF-E359-42E4-A8DD-E7D90092082B}.Ad-Hoc|x86.Deploy.0 = Release|x86
		{1028BBDF-E359-42E4-A8DD-E7D90092082B}.AppStore|Any CPU.ActiveCfg = Release|x86
		{1028BBDF-E359-42E4-A8DD-E7D90092082B}.AppStore|Any CPU.Build.0 = Release|x86
		{1028BBDF-E359-42E4-A8DD-E7D90092082B}.AppStore|Any CPU.Deploy.0 = Release|x86
		{1028BBDF-E359-42E4-A8DD-E7D90092082B}.AppStore|ARM.ActiveCfg = Release|ARM
		{1028BBDF-E359-42E4-A8DD-E7D90092082B}.AppStore|ARM.Build.0 = Release|ARM
		{1028BBDF-E359-42E4-A8DD-E7D90092082B}.AppStore|ARM.Deploy.0 = Release|ARM
		{1028BBDF-E359-42E4-A8DD-E7D90092082B}.AppStore|iPhone.ActiveCfg = Release|x86
		{1028BBDF-E359-42E4-A8DD-E7D90092082B}.AppStore|iPhone.Build.0 = Release|x86
		{1028BBDF-E359-42E4-A8DD-E7D90092082B}.AppStore|iPhone.Deploy.0 = Release|x86
		{1028BBDF-E359-42E4-A8DD-E7D90092082B}.AppStore|iPhoneSimulator.ActiveCfg = Release|x86
		{1028BBDF-E359-42E4-A8DD-E7D90092082B}.AppStore|iPhoneSimulator.Build.0 = Release|x86
		{1028BBDF-E359-42E4-A8DD-E7D90092082B}.AppStore|iPhoneSimulator.Deploy.0 = Release|x86
		{1028BBDF-E359-42E4-A8DD-E7D90092082B}.AppStore|x64.ActiveCfg = Release|x64
		{1028BBDF-E359-42E4-A8DD-E7D90092082B}.AppStore|x64.Build.0 = Release|x64
		{1028BBDF-E359-42E4-A8DD-E7D90092082B}.AppStore|x64.Deploy.0 = Release|x64
		{1028BBDF-E359-42E4-A8DD-E7D90092082B}.AppStore|x86.ActiveCfg = Release|x86
		{1028BBDF-E359-42E4-A8DD-E7D90092082B}.AppStore|x86.Build.0 = Release|x86
		{1028BBDF-E359-42E4-A8DD-E7D90092082B}.AppStore|x86.Deploy.0 = Release|x86
		{1028BBDF-E359-42E4-A8DD-E7D90092082B}.Debug|Any CPU.ActiveCfg = Debug|x86
		{1028BBDF-E359-42E4-A8DD-E7D90092082B}.Debug|Any CPU.Build.0 = Debug|x86
		{1028BBDF-E359-42E4-A8DD-E7D90092082B}.Debug|ARM.ActiveCfg = Debug|ARM
		{1028BBDF-E359-42E4-A8DD-E7D90092082B}.Debug|ARM.Build.0 = Debug|ARM
		{1028BBDF-E359-42E4-A8DD-E7D90092082B}.Debug|ARM.Deploy.0 = Debug|ARM
		{1028BBDF-E359-42E4-A8DD-E7D90092082B}.Debug|iPhone.ActiveCfg = Debug|x86
		{1028BBDF-E359-42E4-A8DD-E7D90092082B}.Debug|iPhoneSimulator.ActiveCfg = Debug|x86
		{1028BBDF-E359-42E4-A8DD-E7D90092082B}.Debug|x64.ActiveCfg = Debug|x64
		{1028BBDF-E359-42E4-A8DD-E7D90092082B}.Debug|x64.Build.0 = Debug|x64
		{1028BBDF-E359-42E4-A8DD-E7D90092082B}.Debug|x64.Deploy.0 = Debug|x64
		{1028BBDF-E359-42E4-A8DD-E7D90092082B}.Debug|x86.ActiveCfg = Debug|x86
		{1028BBDF-E359-42E4-A8DD-E7D90092082B}.Debug|x86.Build.0 = Debug|x86
		{1028BBDF-E359-42E4-A8DD-E7D90092082B}.Debug|x86.Deploy.0 = Debug|x86
		{1028BBDF-E359-42E4-A8DD-E7D90092082B}.Release|Any CPU.ActiveCfg = Release|x86
		{1028BBDF-E359-42E4-A8DD-E7D90092082B}.Release|ARM.ActiveCfg = Release|ARM
		{1028BBDF-E359-42E4-A8DD-E7D90092082B}.Release|ARM.Build.0 = Release|ARM
		{1028BBDF-E359-42E4-A8DD-E7D90092082B}.Release|ARM.Deploy.0 = Release|ARM
		{1028BBDF-E359-42E4-A8DD-E7D90092082B}.Release|iPhone.ActiveCfg = Release|x86
		{1028BBDF-E359-42E4-A8DD-E7D90092082B}.Release|iPhoneSimulator.ActiveCfg = Release|x86
		{1028BBDF-E359-42E4-A8DD-E7D90092082B}.Release|x64.ActiveCfg = Release|x64
		{1028BBDF-E359-42E4-A8DD-E7D90092082B}.Release|x64.Build.0 = Release|x64
		{1028BBDF-E359-42E4-A8DD-E7D90092082B}.Release|x64.Deploy.0 = Release|x64
		{1028BBDF-E359-42E4-A8DD-E7D90092082B}.Release|x86.ActiveCfg = Release|x86
		{1028BBDF-E359-42E4-A8DD-E7D90092082B}.Release|x86.Build.0 = Release|x86
		{1028BBDF-E359-42E4-A8DD-E7D90092082B}.Release|x86.Deploy.0 = Release|x86
		{CB947511-DE39-4966-BB30-8EACD18A6BAD}.Ad-Hoc|Any CPU.ActiveCfg = Debug|Any CPU
		{CB947511-DE39-4966-BB30-8EACD18A6BAD}.Ad-Hoc|Any CPU.Build.0 = Debug|Any CPU
		{CB947511-DE39-4966-BB30-8EACD18A6BAD}.Ad-Hoc|ARM.ActiveCfg = Debug|Any CPU
		{CB947511-DE39-4966-BB30-8EACD18A6BAD}.Ad-Hoc|ARM.Build.0 = Debug|Any CPU
		{CB947511-DE39-4966-BB30-8EACD18A6BAD}.Ad-Hoc|iPhone.ActiveCfg = Debug|Any CPU
		{CB947511-DE39-4966-BB30-8EACD18A6BAD}.Ad-Hoc|iPhone.Build.0 = Debug|Any CPU
		{CB947511-DE39-4966-BB30-8EACD18A6BAD}.Ad-Hoc|iPhoneSimulator.ActiveCfg = Debug|Any CPU
		{CB947511-DE39-4966-BB30-8EACD18A6BAD}.Ad-Hoc|iPhoneSimulator.Build.0 = Debug|Any CPU
		{CB947511-DE39-4966-BB30-8EACD18A6BAD}.Ad-Hoc|x64.ActiveCfg = Debug|Any CPU
		{CB947511-DE39-4966-BB30-8EACD18A6BAD}.Ad-Hoc|x64.Build.0 = Debug|Any CPU
		{CB947511-DE39-4966-BB30-8EACD18A6BAD}.Ad-Hoc|x86.ActiveCfg = Debug|Any CPU
		{CB947511-DE39-4966-BB30-8EACD18A6BAD}.Ad-Hoc|x86.Build.0 = Debug|Any CPU
		{CB947511-DE39-4966-BB30-8EACD18A6BAD}.AppStore|Any CPU.ActiveCfg = Debug|Any CPU
		{CB947511-DE39-4966-BB30-8EACD18A6BAD}.AppStore|Any CPU.Build.0 = Debug|Any CPU
		{CB947511-DE39-4966-BB30-8EACD18A6BAD}.AppStore|ARM.ActiveCfg = Debug|Any CPU
		{CB947511-DE39-4966-BB30-8EACD18A6BAD}.AppStore|ARM.Build.0 = Debug|Any CPU
		{CB947511-DE39-4966-BB30-8EACD18A6BAD}.AppStore|iPhone.ActiveCfg = Debug|Any CPU
		{CB947511-DE39-4966-BB30-8EACD18A6BAD}.AppStore|iPhone.Build.0 = Debug|Any CPU
		{CB947511-DE39-4966-BB30-8EACD18A6BAD}.AppStore|iPhoneSimulator.ActiveCfg = Debug|Any CPU
		{CB947511-DE39-4966-BB30-8EACD18A6BAD}.AppStore|iPhoneSimulator.Build.0 = Debug|Any CPU
		{CB947511-DE39-4966-BB30-8EACD18A6BAD}.AppStore|x64.ActiveCfg = Debug|Any CPU
		{CB947511-DE39-4966-BB30-8EACD18A6BAD}.AppStore|x64.Build.0 = Debug|Any CPU
		{CB947511-DE39-4966-BB30-8EACD18A6BAD}.AppStore|x86.ActiveCfg = Debug|Any CPU
		{CB947511-DE39-4966-BB30-8EACD18A6BAD}.AppStore|x86.Build.0 = Debug|Any CPU
		{CB947511-DE39-4966-BB30-8EACD18A6BAD}.Debug|Any CPU.ActiveCfg = Debug|Any CPU
		{CB947511-DE39-4966-BB30-8EACD18A6BAD}.Debug|Any CPU.Build.0 = Debug|Any CPU
		{CB947511-DE39-4966-BB30-8EACD18A6BAD}.Debug|ARM.ActiveCfg = Debug|Any CPU
		{CB947511-DE39-4966-BB30-8EACD18A6BAD}.Debug|ARM.Build.0 = Debug|Any CPU
		{CB947511-DE39-4966-BB30-8EACD18A6BAD}.Debug|iPhone.ActiveCfg = Debug|Any CPU
		{CB947511-DE39-4966-BB30-8EACD18A6BAD}.Debug|iPhone.Build.0 = Debug|Any CPU
		{CB947511-DE39-4966-BB30-8EACD18A6BAD}.Debug|iPhoneSimulator.ActiveCfg = Debug|Any CPU
		{CB947511-DE39-4966-BB30-8EACD18A6BAD}.Debug|iPhoneSimulator.Build.0 = Debug|Any CPU
		{CB947511-DE39-4966-BB30-8EACD18A6BAD}.Debug|x64.ActiveCfg = Debug|Any CPU
		{CB947511-DE39-4966-BB30-8EACD18A6BAD}.Debug|x64.Build.0 = Debug|Any CPU
		{CB947511-DE39-4966-BB30-8EACD18A6BAD}.Debug|x86.ActiveCfg = Debug|Any CPU
		{CB947511-DE39-4966-BB30-8EACD18A6BAD}.Debug|x86.Build.0 = Debug|Any CPU
		{CB947511-DE39-4966-BB30-8EACD18A6BAD}.Release|Any CPU.ActiveCfg = Release|Any CPU
		{CB947511-DE39-4966-BB30-8EACD18A6BAD}.Release|Any CPU.Build.0 = Release|Any CPU
		{CB947511-DE39-4966-BB30-8EACD18A6BAD}.Release|ARM.ActiveCfg = Release|Any CPU
		{CB947511-DE39-4966-BB30-8EACD18A6BAD}.Release|ARM.Build.0 = Release|Any CPU
		{CB947511-DE39-4966-BB30-8EACD18A6BAD}.Release|iPhone.ActiveCfg = Release|Any CPU
		{CB947511-DE39-4966-BB30-8EACD18A6BAD}.Release|iPhone.Build.0 = Release|Any CPU
		{CB947511-DE39-4966-BB30-8EACD18A6BAD}.Release|iPhoneSimulator.ActiveCfg = Release|Any CPU
		{CB947511-DE39-4966-BB30-8EACD18A6BAD}.Release|iPhoneSimulator.Build.0 = Release|Any CPU
		{CB947511-DE39-4966-BB30-8EACD18A6BAD}.Release|x64.ActiveCfg = Release|Any CPU
		{CB947511-DE39-4966-BB30-8EACD18A6BAD}.Release|x64.Build.0 = Release|Any CPU
		{CB947511-DE39-4966-BB30-8EACD18A6BAD}.Release|x86.ActiveCfg = Release|Any CPU
		{CB947511-DE39-4966-BB30-8EACD18A6BAD}.Release|x86.Build.0 = Release|Any CPU
		{11003BD5-D416-4F31-8F77-81F73E4496B1}.Ad-Hoc|Any CPU.ActiveCfg = Release|Any CPU
		{11003BD5-D416-4F31-8F77-81F73E4496B1}.Ad-Hoc|Any CPU.Build.0 = Release|Any CPU
		{11003BD5-D416-4F31-8F77-81F73E4496B1}.Ad-Hoc|Any CPU.Deploy.0 = Release|Any CPU
		{11003BD5-D416-4F31-8F77-81F73E4496B1}.Ad-Hoc|ARM.ActiveCfg = Release|Any CPU
		{11003BD5-D416-4F31-8F77-81F73E4496B1}.Ad-Hoc|ARM.Build.0 = Release|Any CPU
		{11003BD5-D416-4F31-8F77-81F73E4496B1}.Ad-Hoc|ARM.Deploy.0 = Release|Any CPU
		{11003BD5-D416-4F31-8F77-81F73E4496B1}.Ad-Hoc|iPhone.ActiveCfg = Release|Any CPU
		{11003BD5-D416-4F31-8F77-81F73E4496B1}.Ad-Hoc|iPhone.Build.0 = Release|Any CPU
		{11003BD5-D416-4F31-8F77-81F73E4496B1}.Ad-Hoc|iPhone.Deploy.0 = Release|Any CPU
		{11003BD5-D416-4F31-8F77-81F73E4496B1}.Ad-Hoc|iPhoneSimulator.ActiveCfg = Release|Any CPU
		{11003BD5-D416-4F31-8F77-81F73E4496B1}.Ad-Hoc|iPhoneSimulator.Build.0 = Release|Any CPU
		{11003BD5-D416-4F31-8F77-81F73E4496B1}.Ad-Hoc|iPhoneSimulator.Deploy.0 = Release|Any CPU
		{11003BD5-D416-4F31-8F77-81F73E4496B1}.Ad-Hoc|x64.ActiveCfg = Release|Any CPU
		{11003BD5-D416-4F31-8F77-81F73E4496B1}.Ad-Hoc|x64.Build.0 = Release|Any CPU
		{11003BD5-D416-4F31-8F77-81F73E4496B1}.Ad-Hoc|x64.Deploy.0 = Release|Any CPU
		{11003BD5-D416-4F31-8F77-81F73E4496B1}.Ad-Hoc|x86.ActiveCfg = Release|Any CPU
		{11003BD5-D416-4F31-8F77-81F73E4496B1}.Ad-Hoc|x86.Build.0 = Release|Any CPU
		{11003BD5-D416-4F31-8F77-81F73E4496B1}.Ad-Hoc|x86.Deploy.0 = Release|Any CPU
		{11003BD5-D416-4F31-8F77-81F73E4496B1}.AppStore|Any CPU.ActiveCfg = Release|Any CPU
		{11003BD5-D416-4F31-8F77-81F73E4496B1}.AppStore|Any CPU.Build.0 = Release|Any CPU
		{11003BD5-D416-4F31-8F77-81F73E4496B1}.AppStore|Any CPU.Deploy.0 = Release|Any CPU
		{11003BD5-D416-4F31-8F77-81F73E4496B1}.AppStore|ARM.ActiveCfg = Release|Any CPU
		{11003BD5-D416-4F31-8F77-81F73E4496B1}.AppStore|ARM.Build.0 = Release|Any CPU
		{11003BD5-D416-4F31-8F77-81F73E4496B1}.AppStore|ARM.Deploy.0 = Release|Any CPU
		{11003BD5-D416-4F31-8F77-81F73E4496B1}.AppStore|iPhone.ActiveCfg = Release|Any CPU
		{11003BD5-D416-4F31-8F77-81F73E4496B1}.AppStore|iPhone.Build.0 = Release|Any CPU
		{11003BD5-D416-4F31-8F77-81F73E4496B1}.AppStore|iPhone.Deploy.0 = Release|Any CPU
		{11003BD5-D416-4F31-8F77-81F73E4496B1}.AppStore|iPhoneSimulator.ActiveCfg = Release|Any CPU
		{11003BD5-D416-4F31-8F77-81F73E4496B1}.AppStore|iPhoneSimulator.Build.0 = Release|Any CPU
		{11003BD5-D416-4F31-8F77-81F73E4496B1}.AppStore|iPhoneSimulator.Deploy.0 = Release|Any CPU
		{11003BD5-D416-4F31-8F77-81F73E4496B1}.AppStore|x64.ActiveCfg = Release|Any CPU
		{11003BD5-D416-4F31-8F77-81F73E4496B1}.AppStore|x64.Build.0 = Release|Any CPU
		{11003BD5-D416-4F31-8F77-81F73E4496B1}.AppStore|x64.Deploy.0 = Release|Any CPU
		{11003BD5-D416-4F31-8F77-81F73E4496B1}.AppStore|x86.ActiveCfg = Release|Any CPU
		{11003BD5-D416-4F31-8F77-81F73E4496B1}.AppStore|x86.Build.0 = Release|Any CPU
		{11003BD5-D416-4F31-8F77-81F73E4496B1}.AppStore|x86.Deploy.0 = Release|Any CPU
		{11003BD5-D416-4F31-8F77-81F73E4496B1}.Debug|Any CPU.ActiveCfg = Debug|Any CPU
		{11003BD5-D416-4F31-8F77-81F73E4496B1}.Debug|Any CPU.Build.0 = Debug|Any CPU
		{11003BD5-D416-4F31-8F77-81F73E4496B1}.Debug|Any CPU.Deploy.0 = Debug|Any CPU
		{11003BD5-D416-4F31-8F77-81F73E4496B1}.Debug|ARM.ActiveCfg = Debug|Any CPU
		{11003BD5-D416-4F31-8F77-81F73E4496B1}.Debug|ARM.Build.0 = Debug|Any CPU
		{11003BD5-D416-4F31-8F77-81F73E4496B1}.Debug|ARM.Deploy.0 = Debug|Any CPU
		{11003BD5-D416-4F31-8F77-81F73E4496B1}.Debug|iPhone.ActiveCfg = Debug|Any CPU
		{11003BD5-D416-4F31-8F77-81F73E4496B1}.Debug|iPhone.Build.0 = Debug|Any CPU
		{11003BD5-D416-4F31-8F77-81F73E4496B1}.Debug|iPhone.Deploy.0 = Debug|Any CPU
		{11003BD5-D416-4F31-8F77-81F73E4496B1}.Debug|iPhoneSimulator.ActiveCfg = Debug|Any CPU
		{11003BD5-D416-4F31-8F77-81F73E4496B1}.Debug|iPhoneSimulator.Build.0 = Debug|Any CPU
		{11003BD5-D416-4F31-8F77-81F73E4496B1}.Debug|iPhoneSimulator.Deploy.0 = Debug|Any CPU
		{11003BD5-D416-4F31-8F77-81F73E4496B1}.Debug|x64.ActiveCfg = Debug|Any CPU
		{11003BD5-D416-4F31-8F77-81F73E4496B1}.Debug|x64.Build.0 = Debug|Any CPU
		{11003BD5-D416-4F31-8F77-81F73E4496B1}.Debug|x64.Deploy.0 = Debug|Any CPU
		{11003BD5-D416-4F31-8F77-81F73E4496B1}.Debug|x86.ActiveCfg = Debug|Any CPU
		{11003BD5-D416-4F31-8F77-81F73E4496B1}.Debug|x86.Build.0 = Debug|Any CPU
		{11003BD5-D416-4F31-8F77-81F73E4496B1}.Debug|x86.Deploy.0 = Debug|Any CPU
		{11003BD5-D416-4F31-8F77-81F73E4496B1}.Release|Any CPU.ActiveCfg = Release|Any CPU
		{11003BD5-D416-4F31-8F77-81F73E4496B1}.Release|Any CPU.Build.0 = Release|Any CPU
		{11003BD5-D416-4F31-8F77-81F73E4496B1}.Release|Any CPU.Deploy.0 = Release|Any CPU
		{11003BD5-D416-4F31-8F77-81F73E4496B1}.Release|ARM.ActiveCfg = Release|Any CPU
		{11003BD5-D416-4F31-8F77-81F73E4496B1}.Release|ARM.Build.0 = Release|Any CPU
		{11003BD5-D416-4F31-8F77-81F73E4496B1}.Release|ARM.Deploy.0 = Release|Any CPU
		{11003BD5-D416-4F31-8F77-81F73E4496B1}.Release|iPhone.ActiveCfg = Release|Any CPU
		{11003BD5-D416-4F31-8F77-81F73E4496B1}.Release|iPhone.Build.0 = Release|Any CPU
		{11003BD5-D416-4F31-8F77-81F73E4496B1}.Release|iPhone.Deploy.0 = Release|Any CPU
		{11003BD5-D416-4F31-8F77-81F73E4496B1}.Release|iPhoneSimulator.ActiveCfg = Release|Any CPU
		{11003BD5-D416-4F31-8F77-81F73E4496B1}.Release|iPhoneSimulator.Build.0 = Release|Any CPU
		{11003BD5-D416-4F31-8F77-81F73E4496B1}.Release|iPhoneSimulator.Deploy.0 = Release|Any CPU
		{11003BD5-D416-4F31-8F77-81F73E4496B1}.Release|x64.ActiveCfg = Release|Any CPU
		{11003BD5-D416-4F31-8F77-81F73E4496B1}.Release|x64.Build.0 = Release|Any CPU
		{11003BD5-D416-4F31-8F77-81F73E4496B1}.Release|x64.Deploy.0 = Release|Any CPU
		{11003BD5-D416-4F31-8F77-81F73E4496B1}.Release|x86.ActiveCfg = Release|Any CPU
		{11003BD5-D416-4F31-8F77-81F73E4496B1}.Release|x86.Build.0 = Release|Any CPU
		{11003BD5-D416-4F31-8F77-81F73E4496B1}.Release|x86.Deploy.0 = Release|Any CPU
		{A11B0A1B-3C89-47D7-9E6F-B0F0739661DC}.Ad-Hoc|Any CPU.ActiveCfg = Release|Any CPU
		{A11B0A1B-3C89-47D7-9E6F-B0F0739661DC}.Ad-Hoc|Any CPU.Build.0 = Release|Any CPU
		{A11B0A1B-3C89-47D7-9E6F-B0F0739661DC}.Ad-Hoc|ARM.ActiveCfg = Release|Any CPU
		{A11B0A1B-3C89-47D7-9E6F-B0F0739661DC}.Ad-Hoc|ARM.Build.0 = Release|Any CPU
		{A11B0A1B-3C89-47D7-9E6F-B0F0739661DC}.Ad-Hoc|iPhone.ActiveCfg = Release|Any CPU
		{A11B0A1B-3C89-47D7-9E6F-B0F0739661DC}.Ad-Hoc|iPhone.Build.0 = Release|Any CPU
		{A11B0A1B-3C89-47D7-9E6F-B0F0739661DC}.Ad-Hoc|iPhoneSimulator.ActiveCfg = Release|Any CPU
		{A11B0A1B-3C89-47D7-9E6F-B0F0739661DC}.Ad-Hoc|iPhoneSimulator.Build.0 = Release|Any CPU
		{A11B0A1B-3C89-47D7-9E6F-B0F0739661DC}.Ad-Hoc|x64.ActiveCfg = Release|Any CPU
		{A11B0A1B-3C89-47D7-9E6F-B0F0739661DC}.Ad-Hoc|x64.Build.0 = Release|Any CPU
		{A11B0A1B-3C89-47D7-9E6F-B0F0739661DC}.Ad-Hoc|x86.ActiveCfg = Release|Any CPU
		{A11B0A1B-3C89-47D7-9E6F-B0F0739661DC}.Ad-Hoc|x86.Build.0 = Release|Any CPU
		{A11B0A1B-3C89-47D7-9E6F-B0F0739661DC}.AppStore|Any CPU.ActiveCfg = Release|Any CPU
		{A11B0A1B-3C89-47D7-9E6F-B0F0739661DC}.AppStore|Any CPU.Build.0 = Release|Any CPU
		{A11B0A1B-3C89-47D7-9E6F-B0F0739661DC}.AppStore|ARM.ActiveCfg = Release|Any CPU
		{A11B0A1B-3C89-47D7-9E6F-B0F0739661DC}.AppStore|ARM.Build.0 = Release|Any CPU
		{A11B0A1B-3C89-47D7-9E6F-B0F0739661DC}.AppStore|iPhone.ActiveCfg = Release|Any CPU
		{A11B0A1B-3C89-47D7-9E6F-B0F0739661DC}.AppStore|iPhone.Build.0 = Release|Any CPU
		{A11B0A1B-3C89-47D7-9E6F-B0F0739661DC}.AppStore|iPhoneSimulator.ActiveCfg = Release|Any CPU
		{A11B0A1B-3C89-47D7-9E6F-B0F0739661DC}.AppStore|iPhoneSimulator.Build.0 = Release|Any CPU
		{A11B0A1B-3C89-47D7-9E6F-B0F0739661DC}.AppStore|x64.ActiveCfg = Release|Any CPU
		{A11B0A1B-3C89-47D7-9E6F-B0F0739661DC}.AppStore|x64.Build.0 = Release|Any CPU
		{A11B0A1B-3C89-47D7-9E6F-B0F0739661DC}.AppStore|x86.ActiveCfg = Release|Any CPU
		{A11B0A1B-3C89-47D7-9E6F-B0F0739661DC}.AppStore|x86.Build.0 = Release|Any CPU
		{A11B0A1B-3C89-47D7-9E6F-B0F0739661DC}.Debug|Any CPU.ActiveCfg = Debug|Any CPU
		{A11B0A1B-3C89-47D7-9E6F-B0F0739661DC}.Debug|Any CPU.Build.0 = Debug|Any CPU
		{A11B0A1B-3C89-47D7-9E6F-B0F0739661DC}.Debug|ARM.ActiveCfg = Debug|Any CPU
		{A11B0A1B-3C89-47D7-9E6F-B0F0739661DC}.Debug|ARM.Build.0 = Debug|Any CPU
		{A11B0A1B-3C89-47D7-9E6F-B0F0739661DC}.Debug|iPhone.ActiveCfg = Debug|Any CPU
		{A11B0A1B-3C89-47D7-9E6F-B0F0739661DC}.Debug|iPhone.Build.0 = Debug|Any CPU
		{A11B0A1B-3C89-47D7-9E6F-B0F0739661DC}.Debug|iPhoneSimulator.ActiveCfg = Debug|Any CPU
		{A11B0A1B-3C89-47D7-9E6F-B0F0739661DC}.Debug|iPhoneSimulator.Build.0 = Debug|Any CPU
		{A11B0A1B-3C89-47D7-9E6F-B0F0739661DC}.Debug|x64.ActiveCfg = Debug|Any CPU
		{A11B0A1B-3C89-47D7-9E6F-B0F0739661DC}.Debug|x64.Build.0 = Debug|Any CPU
		{A11B0A1B-3C89-47D7-9E6F-B0F0739661DC}.Debug|x86.ActiveCfg = Debug|Any CPU
		{A11B0A1B-3C89-47D7-9E6F-B0F0739661DC}.Debug|x86.Build.0 = Debug|Any CPU
		{A11B0A1B-3C89-47D7-9E6F-B0F0739661DC}.Release|Any CPU.ActiveCfg = Release|Any CPU
		{A11B0A1B-3C89-47D7-9E6F-B0F0739661DC}.Release|Any CPU.Build.0 = Release|Any CPU
		{A11B0A1B-3C89-47D7-9E6F-B0F0739661DC}.Release|ARM.ActiveCfg = Release|Any CPU
		{A11B0A1B-3C89-47D7-9E6F-B0F0739661DC}.Release|ARM.Build.0 = Release|Any CPU
		{A11B0A1B-3C89-47D7-9E6F-B0F0739661DC}.Release|iPhone.ActiveCfg = Release|Any CPU
		{A11B0A1B-3C89-47D7-9E6F-B0F0739661DC}.Release|iPhone.Build.0 = Release|Any CPU
		{A11B0A1B-3C89-47D7-9E6F-B0F0739661DC}.Release|iPhoneSimulator.ActiveCfg = Release|Any CPU
		{A11B0A1B-3C89-47D7-9E6F-B0F0739661DC}.Release|iPhoneSimulator.Build.0 = Release|Any CPU
		{A11B0A1B-3C89-47D7-9E6F-B0F0739661DC}.Release|x64.ActiveCfg = Release|Any CPU
		{A11B0A1B-3C89-47D7-9E6F-B0F0739661DC}.Release|x64.Build.0 = Release|Any CPU
		{A11B0A1B-3C89-47D7-9E6F-B0F0739661DC}.Release|x86.ActiveCfg = Release|Any CPU
		{A11B0A1B-3C89-47D7-9E6F-B0F0739661DC}.Release|x86.Build.0 = Release|Any CPU
		{DEDA9490-A14A-4145-9BD1-CB1A018AC1A6}.Ad-Hoc|Any CPU.ActiveCfg = Release|Any CPU
		{DEDA9490-A14A-4145-9BD1-CB1A018AC1A6}.Ad-Hoc|Any CPU.Build.0 = Release|Any CPU
		{DEDA9490-A14A-4145-9BD1-CB1A018AC1A6}.Ad-Hoc|ARM.ActiveCfg = Release|Any CPU
		{DEDA9490-A14A-4145-9BD1-CB1A018AC1A6}.Ad-Hoc|ARM.Build.0 = Release|Any CPU
		{DEDA9490-A14A-4145-9BD1-CB1A018AC1A6}.Ad-Hoc|iPhone.ActiveCfg = Release|Any CPU
		{DEDA9490-A14A-4145-9BD1-CB1A018AC1A6}.Ad-Hoc|iPhone.Build.0 = Release|Any CPU
		{DEDA9490-A14A-4145-9BD1-CB1A018AC1A6}.Ad-Hoc|iPhoneSimulator.ActiveCfg = Release|Any CPU
		{DEDA9490-A14A-4145-9BD1-CB1A018AC1A6}.Ad-Hoc|iPhoneSimulator.Build.0 = Release|Any CPU
		{DEDA9490-A14A-4145-9BD1-CB1A018AC1A6}.Ad-Hoc|x64.ActiveCfg = Release|Any CPU
		{DEDA9490-A14A-4145-9BD1-CB1A018AC1A6}.Ad-Hoc|x64.Build.0 = Release|Any CPU
		{DEDA9490-A14A-4145-9BD1-CB1A018AC1A6}.Ad-Hoc|x86.ActiveCfg = Release|Any CPU
		{DEDA9490-A14A-4145-9BD1-CB1A018AC1A6}.Ad-Hoc|x86.Build.0 = Release|Any CPU
		{DEDA9490-A14A-4145-9BD1-CB1A018AC1A6}.AppStore|Any CPU.ActiveCfg = Release|Any CPU
		{DEDA9490-A14A-4145-9BD1-CB1A018AC1A6}.AppStore|Any CPU.Build.0 = Release|Any CPU
		{DEDA9490-A14A-4145-9BD1-CB1A018AC1A6}.AppStore|ARM.ActiveCfg = Release|Any CPU
		{DEDA9490-A14A-4145-9BD1-CB1A018AC1A6}.AppStore|ARM.Build.0 = Release|Any CPU
		{DEDA9490-A14A-4145-9BD1-CB1A018AC1A6}.AppStore|iPhone.ActiveCfg = Release|Any CPU
		{DEDA9490-A14A-4145-9BD1-CB1A018AC1A6}.AppStore|iPhone.Build.0 = Release|Any CPU
		{DEDA9490-A14A-4145-9BD1-CB1A018AC1A6}.AppStore|iPhoneSimulator.ActiveCfg = Release|Any CPU
		{DEDA9490-A14A-4145-9BD1-CB1A018AC1A6}.AppStore|iPhoneSimulator.Build.0 = Release|Any CPU
		{DEDA9490-A14A-4145-9BD1-CB1A018AC1A6}.AppStore|x64.ActiveCfg = Release|Any CPU
		{DEDA9490-A14A-4145-9BD1-CB1A018AC1A6}.AppStore|x64.Build.0 = Release|Any CPU
		{DEDA9490-A14A-4145-9BD1-CB1A018AC1A6}.AppStore|x86.ActiveCfg = Release|Any CPU
		{DEDA9490-A14A-4145-9BD1-CB1A018AC1A6}.AppStore|x86.Build.0 = Release|Any CPU
		{DEDA9490-A14A-4145-9BD1-CB1A018AC1A6}.Debug|Any CPU.ActiveCfg = Debug|Any CPU
		{DEDA9490-A14A-4145-9BD1-CB1A018AC1A6}.Debug|Any CPU.Build.0 = Debug|Any CPU
		{DEDA9490-A14A-4145-9BD1-CB1A018AC1A6}.Debug|ARM.ActiveCfg = Debug|Any CPU
		{DEDA9490-A14A-4145-9BD1-CB1A018AC1A6}.Debug|ARM.Build.0 = Debug|Any CPU
		{DEDA9490-A14A-4145-9BD1-CB1A018AC1A6}.Debug|iPhone.ActiveCfg = Debug|Any CPU
		{DEDA9490-A14A-4145-9BD1-CB1A018AC1A6}.Debug|iPhone.Build.0 = Debug|Any CPU
		{DEDA9490-A14A-4145-9BD1-CB1A018AC1A6}.Debug|iPhoneSimulator.ActiveCfg = Debug|Any CPU
		{DEDA9490-A14A-4145-9BD1-CB1A018AC1A6}.Debug|iPhoneSimulator.Build.0 = Debug|Any CPU
		{DEDA9490-A14A-4145-9BD1-CB1A018AC1A6}.Debug|x64.ActiveCfg = Debug|Any CPU
		{DEDA9490-A14A-4145-9BD1-CB1A018AC1A6}.Debug|x64.Build.0 = Debug|Any CPU
		{DEDA9490-A14A-4145-9BD1-CB1A018AC1A6}.Debug|x86.ActiveCfg = Debug|Any CPU
		{DEDA9490-A14A-4145-9BD1-CB1A018AC1A6}.Debug|x86.Build.0 = Debug|Any CPU
		{DEDA9490-A14A-4145-9BD1-CB1A018AC1A6}.Release|Any CPU.ActiveCfg = Release|Any CPU
		{DEDA9490-A14A-4145-9BD1-CB1A018AC1A6}.Release|Any CPU.Build.0 = Release|Any CPU
		{DEDA9490-A14A-4145-9BD1-CB1A018AC1A6}.Release|ARM.ActiveCfg = Release|Any CPU
		{DEDA9490-A14A-4145-9BD1-CB1A018AC1A6}.Release|ARM.Build.0 = Release|Any CPU
		{DEDA9490-A14A-4145-9BD1-CB1A018AC1A6}.Release|iPhone.ActiveCfg = Release|Any CPU
		{DEDA9490-A14A-4145-9BD1-CB1A018AC1A6}.Release|iPhone.Build.0 = Release|Any CPU
		{DEDA9490-A14A-4145-9BD1-CB1A018AC1A6}.Release|iPhoneSimulator.ActiveCfg = Release|Any CPU
		{DEDA9490-A14A-4145-9BD1-CB1A018AC1A6}.Release|iPhoneSimulator.Build.0 = Release|Any CPU
		{DEDA9490-A14A-4145-9BD1-CB1A018AC1A6}.Release|x64.ActiveCfg = Release|Any CPU
		{DEDA9490-A14A-4145-9BD1-CB1A018AC1A6}.Release|x64.Build.0 = Release|Any CPU
		{DEDA9490-A14A-4145-9BD1-CB1A018AC1A6}.Release|x86.ActiveCfg = Release|Any CPU
		{DEDA9490-A14A-4145-9BD1-CB1A018AC1A6}.Release|x86.Build.0 = Release|Any CPU
		{7DAA4A5B-5DD3-43A8-AD37-0B57FD025250}.Ad-Hoc|Any CPU.ActiveCfg = Release|Any CPU
		{7DAA4A5B-5DD3-43A8-AD37-0B57FD025250}.Ad-Hoc|Any CPU.Build.0 = Release|Any CPU
		{7DAA4A5B-5DD3-43A8-AD37-0B57FD025250}.Ad-Hoc|ARM.ActiveCfg = Release|Any CPU
		{7DAA4A5B-5DD3-43A8-AD37-0B57FD025250}.Ad-Hoc|ARM.Build.0 = Release|Any CPU
		{7DAA4A5B-5DD3-43A8-AD37-0B57FD025250}.Ad-Hoc|iPhone.ActiveCfg = Release|Any CPU
		{7DAA4A5B-5DD3-43A8-AD37-0B57FD025250}.Ad-Hoc|iPhone.Build.0 = Release|Any CPU
		{7DAA4A5B-5DD3-43A8-AD37-0B57FD025250}.Ad-Hoc|iPhoneSimulator.ActiveCfg = Release|Any CPU
		{7DAA4A5B-5DD3-43A8-AD37-0B57FD025250}.Ad-Hoc|iPhoneSimulator.Build.0 = Release|Any CPU
		{7DAA4A5B-5DD3-43A8-AD37-0B57FD025250}.Ad-Hoc|x64.ActiveCfg = Release|Any CPU
		{7DAA4A5B-5DD3-43A8-AD37-0B57FD025250}.Ad-Hoc|x64.Build.0 = Release|Any CPU
		{7DAA4A5B-5DD3-43A8-AD37-0B57FD025250}.Ad-Hoc|x86.ActiveCfg = Release|Any CPU
		{7DAA4A5B-5DD3-43A8-AD37-0B57FD025250}.Ad-Hoc|x86.Build.0 = Release|Any CPU
		{7DAA4A5B-5DD3-43A8-AD37-0B57FD025250}.AppStore|Any CPU.ActiveCfg = Release|Any CPU
		{7DAA4A5B-5DD3-43A8-AD37-0B57FD025250}.AppStore|Any CPU.Build.0 = Release|Any CPU
		{7DAA4A5B-5DD3-43A8-AD37-0B57FD025250}.AppStore|ARM.ActiveCfg = Release|Any CPU
		{7DAA4A5B-5DD3-43A8-AD37-0B57FD025250}.AppStore|ARM.Build.0 = Release|Any CPU
		{7DAA4A5B-5DD3-43A8-AD37-0B57FD025250}.AppStore|iPhone.ActiveCfg = Release|Any CPU
		{7DAA4A5B-5DD3-43A8-AD37-0B57FD025250}.AppStore|iPhone.Build.0 = Release|Any CPU
		{7DAA4A5B-5DD3-43A8-AD37-0B57FD025250}.AppStore|iPhoneSimulator.ActiveCfg = Release|Any CPU
		{7DAA4A5B-5DD3-43A8-AD37-0B57FD025250}.AppStore|iPhoneSimulator.Build.0 = Release|Any CPU
		{7DAA4A5B-5DD3-43A8-AD37-0B57FD025250}.AppStore|x64.ActiveCfg = Release|Any CPU
		{7DAA4A5B-5DD3-43A8-AD37-0B57FD025250}.AppStore|x64.Build.0 = Release|Any CPU
		{7DAA4A5B-5DD3-43A8-AD37-0B57FD025250}.AppStore|x86.ActiveCfg = Release|Any CPU
		{7DAA4A5B-5DD3-43A8-AD37-0B57FD025250}.AppStore|x86.Build.0 = Release|Any CPU
		{7DAA4A5B-5DD3-43A8-AD37-0B57FD025250}.Debug|Any CPU.ActiveCfg = Debug|Any CPU
		{7DAA4A5B-5DD3-43A8-AD37-0B57FD025250}.Debug|Any CPU.Build.0 = Debug|Any CPU
		{7DAA4A5B-5DD3-43A8-AD37-0B57FD025250}.Debug|ARM.ActiveCfg = Debug|Any CPU
		{7DAA4A5B-5DD3-43A8-AD37-0B57FD025250}.Debug|ARM.Build.0 = Debug|Any CPU
		{7DAA4A5B-5DD3-43A8-AD37-0B57FD025250}.Debug|iPhone.ActiveCfg = Debug|Any CPU
		{7DAA4A5B-5DD3-43A8-AD37-0B57FD025250}.Debug|iPhone.Build.0 = Debug|Any CPU
		{7DAA4A5B-5DD3-43A8-AD37-0B57FD025250}.Debug|iPhoneSimulator.ActiveCfg = Debug|Any CPU
		{7DAA4A5B-5DD3-43A8-AD37-0B57FD025250}.Debug|iPhoneSimulator.Build.0 = Debug|Any CPU
		{7DAA4A5B-5DD3-43A8-AD37-0B57FD025250}.Debug|x64.ActiveCfg = Debug|Any CPU
		{7DAA4A5B-5DD3-43A8-AD37-0B57FD025250}.Debug|x64.Build.0 = Debug|Any CPU
		{7DAA4A5B-5DD3-43A8-AD37-0B57FD025250}.Debug|x86.ActiveCfg = Debug|Any CPU
		{7DAA4A5B-5DD3-43A8-AD37-0B57FD025250}.Debug|x86.Build.0 = Debug|Any CPU
		{7DAA4A5B-5DD3-43A8-AD37-0B57FD025250}.Release|Any CPU.ActiveCfg = Release|Any CPU
		{7DAA4A5B-5DD3-43A8-AD37-0B57FD025250}.Release|Any CPU.Build.0 = Release|Any CPU
		{7DAA4A5B-5DD3-43A8-AD37-0B57FD025250}.Release|ARM.ActiveCfg = Release|Any CPU
		{7DAA4A5B-5DD3-43A8-AD37-0B57FD025250}.Release|ARM.Build.0 = Release|Any CPU
		{7DAA4A5B-5DD3-43A8-AD37-0B57FD025250}.Release|iPhone.ActiveCfg = Release|Any CPU
		{7DAA4A5B-5DD3-43A8-AD37-0B57FD025250}.Release|iPhone.Build.0 = Release|Any CPU
		{7DAA4A5B-5DD3-43A8-AD37-0B57FD025250}.Release|iPhoneSimulator.ActiveCfg = Release|Any CPU
		{7DAA4A5B-5DD3-43A8-AD37-0B57FD025250}.Release|iPhoneSimulator.Build.0 = Release|Any CPU
		{7DAA4A5B-5DD3-43A8-AD37-0B57FD025250}.Release|x64.ActiveCfg = Release|Any CPU
		{7DAA4A5B-5DD3-43A8-AD37-0B57FD025250}.Release|x64.Build.0 = Release|Any CPU
		{7DAA4A5B-5DD3-43A8-AD37-0B57FD025250}.Release|x86.ActiveCfg = Release|Any CPU
		{7DAA4A5B-5DD3-43A8-AD37-0B57FD025250}.Release|x86.Build.0 = Release|Any CPU
		{B19C892E-2628-4CA7-AD27-08D406A3B14B}.Ad-Hoc|Any CPU.ActiveCfg = Release|Any CPU
		{B19C892E-2628-4CA7-AD27-08D406A3B14B}.Ad-Hoc|Any CPU.Build.0 = Release|Any CPU
		{B19C892E-2628-4CA7-AD27-08D406A3B14B}.Ad-Hoc|ARM.ActiveCfg = Release|Any CPU
		{B19C892E-2628-4CA7-AD27-08D406A3B14B}.Ad-Hoc|ARM.Build.0 = Release|Any CPU
		{B19C892E-2628-4CA7-AD27-08D406A3B14B}.Ad-Hoc|iPhone.ActiveCfg = Release|Any CPU
		{B19C892E-2628-4CA7-AD27-08D406A3B14B}.Ad-Hoc|iPhone.Build.0 = Release|Any CPU
		{B19C892E-2628-4CA7-AD27-08D406A3B14B}.Ad-Hoc|iPhoneSimulator.ActiveCfg = Release|Any CPU
		{B19C892E-2628-4CA7-AD27-08D406A3B14B}.Ad-Hoc|iPhoneSimulator.Build.0 = Release|Any CPU
		{B19C892E-2628-4CA7-AD27-08D406A3B14B}.Ad-Hoc|x64.ActiveCfg = Release|Any CPU
		{B19C892E-2628-4CA7-AD27-08D406A3B14B}.Ad-Hoc|x64.Build.0 = Release|Any CPU
		{B19C892E-2628-4CA7-AD27-08D406A3B14B}.Ad-Hoc|x86.ActiveCfg = Release|Any CPU
		{B19C892E-2628-4CA7-AD27-08D406A3B14B}.Ad-Hoc|x86.Build.0 = Release|Any CPU
		{B19C892E-2628-4CA7-AD27-08D406A3B14B}.AppStore|Any CPU.ActiveCfg = Release|Any CPU
		{B19C892E-2628-4CA7-AD27-08D406A3B14B}.AppStore|Any CPU.Build.0 = Release|Any CPU
		{B19C892E-2628-4CA7-AD27-08D406A3B14B}.AppStore|ARM.ActiveCfg = Release|Any CPU
		{B19C892E-2628-4CA7-AD27-08D406A3B14B}.AppStore|ARM.Build.0 = Release|Any CPU
		{B19C892E-2628-4CA7-AD27-08D406A3B14B}.AppStore|iPhone.ActiveCfg = Release|Any CPU
		{B19C892E-2628-4CA7-AD27-08D406A3B14B}.AppStore|iPhone.Build.0 = Release|Any CPU
		{B19C892E-2628-4CA7-AD27-08D406A3B14B}.AppStore|iPhoneSimulator.ActiveCfg = Release|Any CPU
		{B19C892E-2628-4CA7-AD27-08D406A3B14B}.AppStore|iPhoneSimulator.Build.0 = Release|Any CPU
		{B19C892E-2628-4CA7-AD27-08D406A3B14B}.AppStore|x64.ActiveCfg = Release|Any CPU
		{B19C892E-2628-4CA7-AD27-08D406A3B14B}.AppStore|x64.Build.0 = Release|Any CPU
		{B19C892E-2628-4CA7-AD27-08D406A3B14B}.AppStore|x86.ActiveCfg = Release|Any CPU
		{B19C892E-2628-4CA7-AD27-08D406A3B14B}.AppStore|x86.Build.0 = Release|Any CPU
		{B19C892E-2628-4CA7-AD27-08D406A3B14B}.Debug|Any CPU.ActiveCfg = Debug|Any CPU
		{B19C892E-2628-4CA7-AD27-08D406A3B14B}.Debug|Any CPU.Build.0 = Debug|Any CPU
		{B19C892E-2628-4CA7-AD27-08D406A3B14B}.Debug|ARM.ActiveCfg = Debug|Any CPU
		{B19C892E-2628-4CA7-AD27-08D406A3B14B}.Debug|ARM.Build.0 = Debug|Any CPU
		{B19C892E-2628-4CA7-AD27-08D406A3B14B}.Debug|iPhone.ActiveCfg = Debug|Any CPU
		{B19C892E-2628-4CA7-AD27-08D406A3B14B}.Debug|iPhone.Build.0 = Debug|Any CPU
		{B19C892E-2628-4CA7-AD27-08D406A3B14B}.Debug|iPhoneSimulator.ActiveCfg = Debug|Any CPU
		{B19C892E-2628-4CA7-AD27-08D406A3B14B}.Debug|iPhoneSimulator.Build.0 = Debug|Any CPU
		{B19C892E-2628-4CA7-AD27-08D406A3B14B}.Debug|x64.ActiveCfg = Debug|Any CPU
		{B19C892E-2628-4CA7-AD27-08D406A3B14B}.Debug|x64.Build.0 = Debug|Any CPU
		{B19C892E-2628-4CA7-AD27-08D406A3B14B}.Debug|x86.ActiveCfg = Debug|Any CPU
		{B19C892E-2628-4CA7-AD27-08D406A3B14B}.Debug|x86.Build.0 = Debug|Any CPU
		{B19C892E-2628-4CA7-AD27-08D406A3B14B}.Release|Any CPU.ActiveCfg = Release|Any CPU
		{B19C892E-2628-4CA7-AD27-08D406A3B14B}.Release|Any CPU.Build.0 = Release|Any CPU
		{B19C892E-2628-4CA7-AD27-08D406A3B14B}.Release|ARM.ActiveCfg = Release|Any CPU
		{B19C892E-2628-4CA7-AD27-08D406A3B14B}.Release|ARM.Build.0 = Release|Any CPU
		{B19C892E-2628-4CA7-AD27-08D406A3B14B}.Release|iPhone.ActiveCfg = Release|Any CPU
		{B19C892E-2628-4CA7-AD27-08D406A3B14B}.Release|iPhone.Build.0 = Release|Any CPU
		{B19C892E-2628-4CA7-AD27-08D406A3B14B}.Release|iPhoneSimulator.ActiveCfg = Release|Any CPU
		{B19C892E-2628-4CA7-AD27-08D406A3B14B}.Release|iPhoneSimulator.Build.0 = Release|Any CPU
		{B19C892E-2628-4CA7-AD27-08D406A3B14B}.Release|x64.ActiveCfg = Release|Any CPU
		{B19C892E-2628-4CA7-AD27-08D406A3B14B}.Release|x64.Build.0 = Release|Any CPU
		{B19C892E-2628-4CA7-AD27-08D406A3B14B}.Release|x86.ActiveCfg = Release|Any CPU
		{B19C892E-2628-4CA7-AD27-08D406A3B14B}.Release|x86.Build.0 = Release|Any CPU
	EndGlobalSection
	GlobalSection(SolutionProperties) = preSolution
		HideSolutionNode = FALSE
	EndGlobalSection
	GlobalSection(NestedProjects) = preSolution
		{E4E93122-6FA3-45D0-91FD-CE60D7A0E57B} = {A4737415-D49A-4B81-98E0-29D310247CE4}
		{AF3BD2D3-C66D-46B1-9EC5-3E6332E1413D} = {A4737415-D49A-4B81-98E0-29D310247CE4}
		{2916CDEF-F71B-4FC6-9E0B-CBC1F80E9424} = {0FB9DD27-266F-48FD-A70C-AAE5AC7DB933}
		{1028BBDF-E359-42E4-A8DD-E7D90092082B} = {0FB9DD27-266F-48FD-A70C-AAE5AC7DB933}
		{CB947511-DE39-4966-BB30-8EACD18A6BAD} = {0FB9DD27-266F-48FD-A70C-AAE5AC7DB933}
		{11003BD5-D416-4F31-8F77-81F73E4496B1} = {0FB9DD27-266F-48FD-A70C-AAE5AC7DB933}
		{A11B0A1B-3C89-47D7-9E6F-B0F0739661DC} = {0FB9DD27-266F-48FD-A70C-AAE5AC7DB933}
		{DEDA9490-A14A-4145-9BD1-CB1A018AC1A6} = {DE0B9608-BB4B-4534-91AD-B5CAB55A3EAA}
		{7DAA4A5B-5DD3-43A8-AD37-0B57FD025250} = {DE0B9608-BB4B-4534-91AD-B5CAB55A3EAA}
		{B19C892E-2628-4CA7-AD27-08D406A3B14B} = {DE0B9608-BB4B-4534-91AD-B5CAB55A3EAA}
	EndGlobalSection
	GlobalSection(ExtensibilityGlobals) = postSolution
		SolutionGuid = {1E4CC3C1-49EC-4F15-BAAB-0A7122BC4CA7}
	EndGlobalSection
EndGlobal
